// !$*UTF8*$!
{
	archiveVersion = 1;
	classes = {
	};
	objectVersion = 56;
	objects = {

/* Begin PBXBuildFile section */
		1A2B3C4D5E6F700000000001 /* HermesMobileApp.swift in Sources */ = {isa = PBXBuildFile; fileRef = 1A2B3C4D5E6F700000000011 /* HermesMobileApp.swift */; };
		1A2B3C4D5E6F700000000002 /* ContentView.swift in Sources */ = {isa = PBXBuildFile; fileRef = 1A2B3C4D5E6F700000000012 /* ContentView.swift */; };
		1A2B3C4D5E6F700000000003 /* Assets.xcassets in Resources */ = {isa = PBXBuildFile; fileRef = 1A2B3C4D5E6F700000000014 /* Assets.xcassets */; };
		10CA110C0DE000000000B001 /* Localizable.xcstrings in Resources */ = {isa = PBXBuildFile; fileRef = 10CA110C0DE000000000B002 /* Localizable.xcstrings */; };
		10CA110C0DE000000000C001 /* LocalizationCatalogTests.swift in Sources */ = {isa = PBXBuildFile; fileRef = 10CA110C0DE000000000C002 /* LocalizationCatalogTests.swift */; };
		1A2B3C4D5E6F700000000005 /* MarkdownUI in Frameworks */ = {isa = PBXBuildFile; productRef = 1A2B3C4D5E6F700000000095 /* MarkdownUI */; };
		1A2B3C4D5E6F700000000006 /* Splash in Frameworks */ = {isa = PBXBuildFile; productRef = 1A2B3C4D5E6F700000000096 /* Splash */; };
		1A2B3C4D5E6F700000000007 /* Highlightr in Frameworks */ = {isa = PBXBuildFile; productRef = 1A2B3C4D5E6F700000000097 /* Highlightr */; };
		1A2B3C4D5E6F700000000008 /* KeychainAccess in Frameworks */ = {isa = PBXBuildFile; productRef = 1A2B3C4D5E6F700000000098 /* KeychainAccess */; };
		5417A7400000000000000092 /* SwiftMath in Frameworks */ = {isa = PBXBuildFile; productRef = 5417A7400000000000000091 /* SwiftMath */; };
		1A2B3C4D5E6F7000000000A0 /* KeychainStore.swift in Sources */ = {isa = PBXBuildFile; fileRef = 1A2B3C4D5E6F7000000000B0 /* KeychainStore.swift */; };
		C00100000000000000000001 /* CompanionConnectionService.swift in Sources */ = {isa = PBXBuildFile; fileRef = C00100000000000000000011 /* CompanionConnectionService.swift */; };
		C00100000000000000000002 /* CompanionConnectionManager.swift in Sources */ = {isa = PBXBuildFile; fileRef = C00100000000000000000012 /* CompanionConnectionManager.swift */; };
		C00100000000000000000003 /* CompanionConnectionServiceTests.swift in Sources */ = {isa = PBXBuildFile; fileRef = C00100000000000000000013 /* CompanionConnectionServiceTests.swift */; };
		C72400000000000000000001 /* CompanionAttachmentStagerTests.swift in Sources */ = {isa = PBXBuildFile; fileRef = C72400000000000000000002 /* CompanionAttachmentStagerTests.swift */; };
		D01600000000000000000001 /* CompanionDiscoveryService.swift in Sources */ = {isa = PBXBuildFile; fileRef = D01600000000000000000011 /* CompanionDiscoveryService.swift */; };
		D01600000000000000000002 /* CompanionDiscoveryView.swift in Sources */ = {isa = PBXBuildFile; fileRef = D01600000000000000000012 /* CompanionDiscoveryView.swift */; };
		D01600000000000000000003 /* CompanionDiscoveryTests.swift in Sources */ = {isa = PBXBuildFile; fileRef = D01600000000000000000013 /* CompanionDiscoveryTests.swift */; };
		E00600000000000000000001 /* SessionRepository.swift in Sources */ = {isa = PBXBuildFile; fileRef = E00600000000000000000011 /* SessionRepository.swift */; };
		E00600000000000000000002 /* CompanionSessionListViewModel.swift in Sources */ = {isa = PBXBuildFile; fileRef = E00600000000000000000012 /* CompanionSessionListViewModel.swift */; };
		E03300000000000000000001 /* CompanionActiveRunStore.swift in Sources */ = {isa = PBXBuildFile; fileRef = E03300000000000000000011 /* CompanionActiveRunStore.swift */; };
		E00600000000000000000003 /* CompanionSessionListView.swift in Sources */ = {isa = PBXBuildFile; fileRef = E00600000000000000000013 /* CompanionSessionListView.swift */; };
		E02700000000000000000001 /* CompanionPresentationSupport.swift in Sources */ = {isa = PBXBuildFile; fileRef = E02700000000000000000011 /* CompanionPresentationSupport.swift */; };
		E00600000000000000000004 /* SessionRepositoryTests.swift in Sources */ = {isa = PBXBuildFile; fileRef = E00600000000000000000014 /* SessionRepositoryTests.swift */; };
		E00700000000000000000001 /* SessionRepository+Lifecycle.swift in Sources */ = {isa = PBXBuildFile; fileRef = E00700000000000000000011 /* SessionRepository+Lifecycle.swift */; };
		E00800000000000000000001 /* ConversationRunService.swift in Sources */ = {isa = PBXBuildFile; fileRef = E00800000000000000000011 /* ConversationRunService.swift */; };
		F03100000000000000000001 /* CompanionSessionPool.swift in Sources */ = {isa = PBXBuildFile; fileRef = F03100000000000000000011 /* CompanionSessionPool.swift */; };
		F02100000000000000000001 /* CompanionWorkspaceService.swift in Sources */ = {isa = PBXBuildFile; fileRef = F02100000000000000000011 /* CompanionWorkspaceService.swift */; };
		F02200000000000000000001 /* CompanionWorkspaceView.swift in Sources */ = {isa = PBXBuildFile; fileRef = F02200000000000000000011 /* CompanionWorkspaceView.swift */; };
		F02300000000000000000001 /* CompanionMemoryView.swift in Sources */ = {isa = PBXBuildFile; fileRef = F02300000000000000000011 /* CompanionMemoryView.swift */; };
		F02400000000000000000001 /* CompanionWorkspaceModels.swift in Sources */ = {isa = PBXBuildFile; fileRef = F02400000000000000000011 /* CompanionWorkspaceModels.swift */; };
		E00800000000000000000002 /* ConversationRunServiceTests.swift in Sources */ = {isa = PBXBuildFile; fileRef = E00800000000000000000012 /* ConversationRunServiceTests.swift */; };
		E02700000000000000000002 /* CompanionTestSupport.swift in Sources */ = {isa = PBXBuildFile; fileRef = E02700000000000000000012 /* CompanionTestSupport.swift */; };
		1A2B3C4D5E6F7000000000A5 /* OnboardingView.swift in Sources */ = {isa = PBXBuildFile; fileRef = 1A2B3C4D5E6F7000000000B5 /* OnboardingView.swift */; };
		1A2B3C4D5E6F70000000410 /* OnboardingComponents.swift in Sources */ = {isa = PBXBuildFile; fileRef = 1A2B3C4D5E6F70000000411 /* OnboardingComponents.swift */; };
		1A2B3C4D5E6F7000000000A6 /* OnboardingViewModel.swift in Sources */ = {isa = PBXBuildFile; fileRef = 1A2B3C4D5E6F7000000000B6 /* OnboardingViewModel.swift */; };
		1A2B3C4D5E6F7000000000A9 /* JSONValue.swift in Sources */ = {isa = PBXBuildFile; fileRef = 1A2B3C4D5E6F7000000000B9 /* JSONValue.swift */; };
		1A2B3C4D5E6F7000000000AA /* ChatMessage.swift in Sources */ = {isa = PBXBuildFile; fileRef = 1A2B3C4D5E6F7000000000BA /* ChatMessage.swift */; };
		1A2B3C4D5E6F7000000000AB /* Session.swift in Sources */ = {isa = PBXBuildFile; fileRef = 1A2B3C4D5E6F7000000000BB /* Session.swift */; };
		C15210000000000000000001 /* OnboardingFlowPolicy.swift in Sources */ = {isa = PBXBuildFile; fileRef = C15200000000000000000001 /* OnboardingFlowPolicy.swift */; };
		C15210000000000000000002 /* OnboardingWelcomePage.swift in Sources */ = {isa = PBXBuildFile; fileRef = C15200000000000000000002 /* OnboardingWelcomePage.swift */; };
		C15210000000000000000003 /* OnboardingFeaturesPage.swift in Sources */ = {isa = PBXBuildFile; fileRef = C15200000000000000000003 /* OnboardingFeaturesPage.swift */; };
		C15210000000000000000004 /* OnboardingAgentPromptPage.swift in Sources */ = {isa = PBXBuildFile; fileRef = C15200000000000000000004 /* OnboardingAgentPromptPage.swift */; };
		C15210000000000000000005 /* OnboardingTailscalePage.swift in Sources */ = {isa = PBXBuildFile; fileRef = C15200000000000000000005 /* OnboardingTailscalePage.swift */; };
		C15210000000000000000006 /* OnboardingConnectPage.swift in Sources */ = {isa = PBXBuildFile; fileRef = C15200000000000000000006 /* OnboardingConnectPage.swift */; };
		C15210000000000000000007 /* OnboardingFlowTests.swift in Sources */ = {isa = PBXBuildFile; fileRef = C15200000000000000000007 /* OnboardingFlowTests.swift */; };
		C14300000000000000000003 /* StreamingMarkdownSupportTests.swift in Sources */ = {isa = PBXBuildFile; fileRef = C14300000000000000000004 /* StreamingMarkdownSupportTests.swift */; };
		C13000000000000000000001 /* ChatVerticalScrollAxisGuardTests.swift in Sources */ = {isa = PBXBuildFile; fileRef = C13000000000000000000002 /* ChatVerticalScrollAxisGuardTests.swift */; };
		C05100000000000000000004 /* ChatTranscriptSupportingViews.swift in Sources */ = {isa = PBXBuildFile; fileRef = C05100000000000000000014 /* ChatTranscriptSupportingViews.swift */; };
		1A2B3C4D5E6F7000000000D0 /* SessionRowView.swift in Sources */ = {isa = PBXBuildFile; fileRef = 1A2B3C4D5E6F7000000000D2 /* SessionRowView.swift */; };
		C02700000000000000000001 /* ActiveStreamRecoveryState.swift in Sources */ = {isa = PBXBuildFile; fileRef = C02700000000000000000002 /* ActiveStreamRecoveryState.swift */; };
		1A2B3C4D5E6F7000000000D8 /* MessageBubbleView.swift in Sources */ = {isa = PBXBuildFile; fileRef = 1A2B3C4D5E6F7000000000D9 /* MessageBubbleView.swift */; };
		1A2B3C4D5E6F7000000000DA /* MarkdownRenderer.swift in Sources */ = {isa = PBXBuildFile; fileRef = 1A2B3C4D5E6F7000000000DB /* MarkdownRenderer.swift */; };
		C14300000000000000000001 /* StreamingMarkdownSupport.swift in Sources */ = {isa = PBXBuildFile; fileRef = C14300000000000000000002 /* StreamingMarkdownSupport.swift */; };
		C0DE34000000000000000001 /* TranscriptMedia.swift in Sources */ = {isa = PBXBuildFile; fileRef = C0DE34000000000000000002 /* TranscriptMedia.swift */; };
		C0DE34000000000000000006 /* TranscriptMediaView.swift in Sources */ = {isa = PBXBuildFile; fileRef = C0DE34000000000000000005 /* TranscriptMediaView.swift */; };
		C0DE3400000000000000000D /* TranscriptMediaExportSupport.swift in Sources */ = {isa = PBXBuildFile; fileRef = C0DE3400000000000000000E /* TranscriptMediaExportSupport.swift */; };
		C0DE12000000000000000001 /* TranscriptLinkPreview.swift in Sources */ = {isa = PBXBuildFile; fileRef = C0DE12000000000000000002 /* TranscriptLinkPreview.swift */; };
		C0DE12000000000000000007 /* TranscriptLinkPreviewCache.swift in Sources */ = {isa = PBXBuildFile; fileRef = C0DE12000000000000000008 /* TranscriptLinkPreviewCache.swift */; };
		C0DE12000000000000000005 /* TranscriptLinkPreviewView.swift in Sources */ = {isa = PBXBuildFile; fileRef = C0DE12000000000000000006 /* TranscriptLinkPreviewView.swift */; };
		C0DE20000000000000000001 /* ChatTactileButtonStyle.swift in Sources */ = {isa = PBXBuildFile; fileRef = C0DE20000000000000000002 /* ChatTactileButtonStyle.swift */; };
		C0DE21000000000000000001 /* ChatMotion.swift in Sources */ = {isa = PBXBuildFile; fileRef = C0DE21000000000000000002 /* ChatMotion.swift */; };
		C0DE25000000000000000001 /* ChatScrollPolicy.swift in Sources */ = {isa = PBXBuildFile; fileRef = C0DE25000000000000000002 /* ChatScrollPolicy.swift */; };
		C0DE25000000000000000003 /* ChatScrollPolicyTests.swift in Sources */ = {isa = PBXBuildFile; fileRef = C0DE25000000000000000004 /* ChatScrollPolicyTests.swift */; };
		C09300000000000000000001 /* HapticButton.swift in Sources */ = {isa = PBXBuildFile; fileRef = C09300000000000000000002 /* HapticButton.swift */; };
		C09300000000000000000003 /* HapticButtonTests.swift in Sources */ = {isa = PBXBuildFile; fileRef = C09300000000000000000004 /* HapticButtonTests.swift */; };
		C09500000000000000000001 /* AdaptiveGlassModifier.swift in Sources */ = {isa = PBXBuildFile; fileRef = C09500000000000000000002 /* AdaptiveGlassModifier.swift */; };
		031031031031031031031001 /* MarkdownMathSegmenter.swift in Sources */ = {isa = PBXBuildFile; fileRef = 031031031031031031031002 /* MarkdownMathSegmenter.swift */; };
		031031031031031031031005 /* MarkdownMathFormatter.swift in Sources */ = {isa = PBXBuildFile; fileRef = 031031031031031031031006 /* MarkdownMathFormatter.swift */; };
		031031031031031031031007 /* MarkdownMathFormatter+Support.swift in Sources */ = {isa = PBXBuildFile; fileRef = 031031031031031031031008 /* MarkdownMathFormatter+Support.swift */; };
		031031031031031031031009 /* DisplayMathView.swift in Sources */ = {isa = PBXBuildFile; fileRef = 03103103103103103103100A /* DisplayMathView.swift */; };
		03103103103103103103100B /* MarkdownMathFormatter+Environments.swift in Sources */ = {isa = PBXBuildFile; fileRef = 03103103103103103103100C /* MarkdownMathFormatter+Environments.swift */; };
		031031031031031031031003 /* MarkdownMathRendererTests.swift in Sources */ = {isa = PBXBuildFile; fileRef = 031031031031031031031004 /* MarkdownMathRendererTests.swift */; };
		C0DE34000000000000000003 /* TranscriptMediaParserTests.swift in Sources */ = {isa = PBXBuildFile; fileRef = C0DE34000000000000000004 /* TranscriptMediaParserTests.swift */; };
		C0DE12000000000000000003 /* TranscriptLinkPreviewTests.swift in Sources */ = {isa = PBXBuildFile; fileRef = C0DE12000000000000000004 /* TranscriptLinkPreviewTests.swift */; };
		1A2B3C4D5E6F7000000000DE /* ToolCall.swift in Sources */ = {isa = PBXBuildFile; fileRef = 1A2B3C4D5E6F7000000000DF /* ToolCall.swift */; };
		C12800000000000000000001 /* ToolActivityGroupView.swift in Sources */ = {isa = PBXBuildFile; fileRef = C12800000000000000000002 /* ToolActivityGroupView.swift */; };
		1A2B3C4D5E6F7000000000E0 /* ToolCallCardView.swift in Sources */ = {isa = PBXBuildFile; fileRef = 1A2B3C4D5E6F7000000000E1 /* ToolCallCardView.swift */; };
		C12800000000000000000003 /* ChatTimelineAccessorySurface.swift in Sources */ = {isa = PBXBuildFile; fileRef = C12800000000000000000004 /* ChatTimelineAccessorySurface.swift */; };
		C06000000000000000000001 /* ToolCallDisplayFormatter.swift in Sources */ = {isa = PBXBuildFile; fileRef = C06000000000000000000002 /* ToolCallDisplayFormatter.swift */; };
		1A2B3C4D5E6F7000000000E2 /* ReasoningBlockView.swift in Sources */ = {isa = PBXBuildFile; fileRef = 1A2B3C4D5E6F7000000000E3 /* ReasoningBlockView.swift */; };
		BEEF02600000000000000001 /* FileExportSupport.swift in Sources */ = {isa = PBXBuildFile; fileRef = BEEF02600000000000000002 /* FileExportSupport.swift */; };
		1A2B3C4D5E6F7000000000EC /* CachedSession.swift in Sources */ = {isa = PBXBuildFile; fileRef = 1A2B3C4D5E6F7000000000EE /* CachedSession.swift */; };
		1A2B3C4D5E6F7000000000ED /* CachedMessage.swift in Sources */ = {isa = PBXBuildFile; fileRef = 1A2B3C4D5E6F7000000000EF /* CachedMessage.swift */; };
		1A2B3C4D5E6F7000000000F1 /* CacheStore.swift in Sources */ = {isa = PBXBuildFile; fileRef = 1A2B3C4D5E6F7000000000F3 /* CacheStore.swift */; };
		1A2B3C4D5E6F7000000000F2 /* CacheStoreTests.swift in Sources */ = {isa = PBXBuildFile; fileRef = 1A2B3C4D5E6F7000000000F4 /* CacheStoreTests.swift */; };
		C09200000000000000000001 /* AppFont.swift in Sources */ = {isa = PBXBuildFile; fileRef = C09200000000000000000002 /* AppFont.swift */; };
		1A2B3C4D5E6F700000000100 /* AppTheme.swift in Sources */ = {isa = PBXBuildFile; fileRef = 1A2B3C4D5E6F700000000101 /* AppTheme.swift */; };
		C03190000000000000B001 /* AttachmentAudioDetection.swift in Sources */ = {isa = PBXBuildFile; fileRef = C03190000000000000F001 /* AttachmentAudioDetection.swift */; };
		C03190000000000000B002 /* InlineAudioPlayerView.swift in Sources */ = {isa = PBXBuildFile; fileRef = C03190000000000000F002 /* InlineAudioPlayerView.swift */; };
		C03190000000000000B003 /* AttachmentAudioDetectionTests.swift in Sources */ = {isa = PBXBuildFile; fileRef = C03190000000000000F003 /* AttachmentAudioDetectionTests.swift */; };
		1A2B3C4D5E6F700000000102 /* AppThemeTests.swift in Sources */ = {isa = PBXBuildFile; fileRef = 1A2B3C4D5E6F700000000103 /* AppThemeTests.swift */; };
		1A2B3C4D5E6F70000000150 /* UploadResponse.swift in Sources */ = {isa = PBXBuildFile; fileRef = 1A2B3C4D5E6F70000000151 /* UploadResponse.swift */; };
		1A2B3C4D5E6F70000000152 /* MessageAttachment.swift in Sources */ = {isa = PBXBuildFile; fileRef = 1A2B3C4D5E6F70000000153 /* MessageAttachment.swift */; };
		1A2B3C4D5E6F70000000300 /* PrivacyInfo.xcprivacy in Resources */ = {isa = PBXBuildFile; fileRef = 1A2B3C4D5E6F70000000301 /* PrivacyInfo.xcprivacy */; };
		9E2A653D968A4ACDA19A8142 /* ThirdPartyNotices in Resources */ = {isa = PBXBuildFile; fileRef = 488791F556304AD2AC59BC5D /* ThirdPartyNotices */; };
		C21200000000000000000001 /* StreamingWordDrain.swift in Sources */ = {isa = PBXBuildFile; fileRef = C21200000000000000000002 /* StreamingWordDrain.swift */; };
		C21200000000000000000003 /* StreamingWordDrainTests.swift in Sources */ = {isa = PBXBuildFile; fileRef = C21200000000000000000004 /* StreamingWordDrainTests.swift */; };
		C21300000000000000000001 /* StreamingTextFade.swift in Sources */ = {isa = PBXBuildFile; fileRef = C21300000000000000000002 /* StreamingTextFade.swift */; };
		C21300000000000000000003 /* StreamingTextFadeRenderer.swift in Sources */ = {isa = PBXBuildFile; fileRef = C21300000000000000000004 /* StreamingTextFadeRenderer.swift */; };
		C21300000000000000000005 /* StreamingTextFadeTests.swift in Sources */ = {isa = PBXBuildFile; fileRef = C21300000000000000000006 /* StreamingTextFadeTests.swift */; };
		C23400000000000000000001 /* StreamingLabReplay.swift in Sources */ = {isa = PBXBuildFile; fileRef = C23400000000000000000002 /* StreamingLabReplay.swift */; };
		C23400000000000000000003 /* StreamingLabView.swift in Sources */ = {isa = PBXBuildFile; fileRef = C23400000000000000000004 /* StreamingLabView.swift */; };
		C72600000000000000000001 /* CoreChatLabView.swift in Sources */ = {isa = PBXBuildFile; fileRef = C72600000000000000000002 /* CoreChatLabView.swift */; };
		C23400000000000000000005 /* StreamingLabReplayTests.swift in Sources */ = {isa = PBXBuildFile; fileRef = C23400000000000000000006 /* StreamingLabReplayTests.swift */; };
		F03400000000000000000001 /* PreservedWebUIReadService.swift in Sources */ = {isa = PBXBuildFile; fileRef = F03400000000000000000011 /* PreservedWebUIReadService.swift */; };
		F03400000000000000000002 /* CustomHeader.swift in Sources */ = {isa = PBXBuildFile; fileRef = C0FF000000000000000000A2 /* CustomHeader.swift */; };
		F03400000000000000000003 /* PreservedWebUIReadServiceTests.swift in Sources */ = {isa = PBXBuildFile; fileRef = F03400000000000000000012 /* PreservedWebUIReadServiceTests.swift */; };
		F03400000000000000000004 /* PreservedWebUICredentialReader.swift in Sources */ = {isa = PBXBuildFile; fileRef = F03400000000000000000013 /* PreservedWebUICredentialReader.swift */; };
		C21300000000000000000007 /* MarkdownUI in Frameworks */ = {isa = PBXBuildFile; productRef = C21300000000000000000008 /* MarkdownUI */; };
/* End PBXBuildFile section */

/* Begin PBXContainerItemProxy section */
		1A2B3C4D5E6F700000000036 /* PBXContainerItemProxy */ = {
			isa = PBXContainerItemProxy;
			containerPortal = 1A2B3C4D5E6F700000000070 /* Project object */;
			proxyType = 1;
			remoteGlobalIDString = 1A2B3C4D5E6F700000000040;
			remoteInfo = HermesMobile;
		};
/* End PBXContainerItemProxy section */

/* Begin PBXCopyFilesBuildPhase section */
/* End PBXCopyFilesBuildPhase section */

/* Begin PBXFileReference section */
		351C0F1600000000000000A1 /* Shared.xcconfig */ = {isa = PBXFileReference; lastKnownFileType = text.xcconfig; name = Shared.xcconfig; path = Config/Shared.xcconfig; sourceTree = "<group>"; };
		E027000000000000000000A1 /* PersonalSideload.xcconfig */ = {isa = PBXFileReference; lastKnownFileType = text.xcconfig; name = PersonalSideload.xcconfig; path = Config/PersonalSideload.xcconfig; sourceTree = "<group>"; };
		1A2B3C4D5E6F700000000010 /* HermesMobile.app */ = {isa = PBXFileReference; explicitFileType = wrapper.application; includeInIndex = 0; path = HermesMobile.app; sourceTree = BUILT_PRODUCTS_DIR; };
		1A2B3C4D5E6F700000000011 /* HermesMobileApp.swift */ = {isa = PBXFileReference; lastKnownFileType = sourcecode.swift; path = HermesMobileApp.swift; sourceTree = "<group>"; };
		1A2B3C4D5E6F700000000012 /* ContentView.swift */ = {isa = PBXFileReference; lastKnownFileType = sourcecode.swift; path = ContentView.swift; sourceTree = "<group>"; };
		1A2B3C4D5E6F700000000337 /* HermexAppIntents.swift */ = {isa = PBXFileReference; lastKnownFileType = sourcecode.swift; path = HermexAppIntents.swift; sourceTree = "<group>"; };
		1A2B3C4D5E6F700000000342 /* ProfileEntity.swift */ = {isa = PBXFileReference; lastKnownFileType = sourcecode.swift; path = ProfileEntity.swift; sourceTree = "<group>"; };
		1A2B3C4D5E6F700000000340 /* AppIntentNewChatTests.swift */ = {isa = PBXFileReference; lastKnownFileType = sourcecode.swift; path = AppIntentNewChatTests.swift; sourceTree = "<group>"; };
		1A2B3C4D5E6F700000000344 /* AppIntentNewChatInProfileTests.swift */ = {isa = PBXFileReference; lastKnownFileType = sourcecode.swift; path = AppIntentNewChatInProfileTests.swift; sourceTree = "<group>"; };
		1A2B3C4D5E6F700000000013 /* Info.plist */ = {isa = PBXFileReference; lastKnownFileType = text.plist.xml; path = Info.plist; sourceTree = "<group>"; };
		1A2B3C4D5E6F700000000014 /* Assets.xcassets */ = {isa = PBXFileReference; lastKnownFileType = folder.assetcatalog; path = Assets.xcassets; sourceTree = "<group>"; };
		10CA110C0DE000000000B002 /* Localizable.xcstrings */ = {isa = PBXFileReference; lastKnownFileType = text.json.xcstrings; path = Localizable.xcstrings; sourceTree = "<group>"; };
		10CA110C0DE000000000B005 /* AppShortcuts.xcstrings */ = {isa = PBXFileReference; lastKnownFileType = text.json.xcstrings; path = AppShortcuts.xcstrings; sourceTree = "<group>"; };
		10CA110C0DE000000000C002 /* LocalizationCatalogTests.swift */ = {isa = PBXFileReference; lastKnownFileType = sourcecode.swift; path = LocalizationCatalogTests.swift; sourceTree = "<group>"; };
		1A2B3C4D5E6F700000000015 /* HermesMobileTests.xctest */ = {isa = PBXFileReference; explicitFileType = wrapper.cfbundle; includeInIndex = 0; path = HermesMobileTests.xctest; sourceTree = BUILT_PRODUCTS_DIR; };
		1A2B3C4D5E6F7000000000B0 /* KeychainStore.swift */ = {isa = PBXFileReference; lastKnownFileType = sourcecode.swift; path = KeychainStore.swift; sourceTree = "<group>"; };
		C00100000000000000000011 /* CompanionConnectionService.swift */ = {isa = PBXFileReference; lastKnownFileType = sourcecode.swift; path = CompanionConnectionService.swift; sourceTree = "<group>"; };
		C00100000000000000000012 /* CompanionConnectionManager.swift */ = {isa = PBXFileReference; lastKnownFileType = sourcecode.swift; path = CompanionConnectionManager.swift; sourceTree = "<group>"; };
		C00100000000000000000013 /* CompanionConnectionServiceTests.swift */ = {isa = PBXFileReference; lastKnownFileType = sourcecode.swift; path = CompanionConnectionServiceTests.swift; sourceTree = "<group>"; };
		C72400000000000000000002 /* CompanionAttachmentStagerTests.swift */ = {isa = PBXFileReference; lastKnownFileType = sourcecode.swift; path = CompanionAttachmentStagerTests.swift; sourceTree = "<group>"; };
		D01600000000000000000011 /* CompanionDiscoveryService.swift */ = {isa = PBXFileReference; lastKnownFileType = sourcecode.swift; path = CompanionDiscoveryService.swift; sourceTree = "<group>"; };
		D01600000000000000000012 /* CompanionDiscoveryView.swift */ = {isa = PBXFileReference; lastKnownFileType = sourcecode.swift; path = CompanionDiscoveryView.swift; sourceTree = "<group>"; };
		D01600000000000000000013 /* CompanionDiscoveryTests.swift */ = {isa = PBXFileReference; lastKnownFileType = sourcecode.swift; path = CompanionDiscoveryTests.swift; sourceTree = "<group>"; };
		E00600000000000000000011 /* SessionRepository.swift */ = {isa = PBXFileReference; lastKnownFileType = sourcecode.swift; path = SessionRepository.swift; sourceTree = "<group>"; };
		E00600000000000000000012 /* CompanionSessionListViewModel.swift */ = {isa = PBXFileReference; lastKnownFileType = sourcecode.swift; path = CompanionSessionListViewModel.swift; sourceTree = "<group>"; };
		E03300000000000000000011 /* CompanionActiveRunStore.swift */ = {isa = PBXFileReference; lastKnownFileType = sourcecode.swift; path = CompanionActiveRunStore.swift; sourceTree = "<group>"; };
		E00600000000000000000013 /* CompanionSessionListView.swift */ = {isa = PBXFileReference; lastKnownFileType = sourcecode.swift; path = CompanionSessionListView.swift; sourceTree = "<group>"; };
		E02700000000000000000011 /* CompanionPresentationSupport.swift */ = {isa = PBXFileReference; lastKnownFileType = sourcecode.swift; path = CompanionPresentationSupport.swift; sourceTree = "<group>"; };
		E00600000000000000000014 /* SessionRepositoryTests.swift */ = {isa = PBXFileReference; lastKnownFileType = sourcecode.swift; path = SessionRepositoryTests.swift; sourceTree = "<group>"; };
		E00700000000000000000011 /* SessionRepository+Lifecycle.swift */ = {isa = PBXFileReference; lastKnownFileType = sourcecode.swift; path = "SessionRepository+Lifecycle.swift"; sourceTree = "<group>"; };
		E00800000000000000000011 /* ConversationRunService.swift */ = {isa = PBXFileReference; lastKnownFileType = sourcecode.swift; path = ConversationRunService.swift; sourceTree = "<group>"; };
		F03100000000000000000011 /* CompanionSessionPool.swift */ = {isa = PBXFileReference; lastKnownFileType = sourcecode.swift; path = CompanionSessionPool.swift; sourceTree = "<group>"; };
		F02100000000000000000011 /* CompanionWorkspaceService.swift */ = {isa = PBXFileReference; lastKnownFileType = sourcecode.swift; path = CompanionWorkspaceService.swift; sourceTree = "<group>"; };
		F02200000000000000000011 /* CompanionWorkspaceView.swift */ = {isa = PBXFileReference; lastKnownFileType = sourcecode.swift; path = CompanionWorkspaceView.swift; sourceTree = "<group>"; };
		F02300000000000000000011 /* CompanionMemoryView.swift */ = {isa = PBXFileReference; lastKnownFileType = sourcecode.swift; path = CompanionMemoryView.swift; sourceTree = "<group>"; };
		F02400000000000000000011 /* CompanionWorkspaceModels.swift */ = {isa = PBXFileReference; lastKnownFileType = sourcecode.swift; path = CompanionWorkspaceModels.swift; sourceTree = "<group>"; };
		E00800000000000000000012 /* ConversationRunServiceTests.swift */ = {isa = PBXFileReference; lastKnownFileType = sourcecode.swift; path = ConversationRunServiceTests.swift; sourceTree = "<group>"; };
		E02700000000000000000012 /* CompanionTestSupport.swift */ = {isa = PBXFileReference; lastKnownFileType = sourcecode.swift; path = CompanionTestSupport.swift; sourceTree = "<group>"; };
		1A2B3C4D5E6F7000000000B5 /* OnboardingView.swift */ = {isa = PBXFileReference; lastKnownFileType = sourcecode.swift; path = OnboardingView.swift; sourceTree = "<group>"; };
		1A2B3C4D5E6F70000000411 /* OnboardingComponents.swift */ = {isa = PBXFileReference; lastKnownFileType = sourcecode.swift; path = OnboardingComponents.swift; sourceTree = "<group>"; };
		1A2B3C4D5E6F7000000000B6 /* OnboardingViewModel.swift */ = {isa = PBXFileReference; lastKnownFileType = sourcecode.swift; path = OnboardingViewModel.swift; sourceTree = "<group>"; };
		1A2B3C4D5E6F7000000000B9 /* JSONValue.swift */ = {isa = PBXFileReference; lastKnownFileType = sourcecode.swift; path = JSONValue.swift; sourceTree = "<group>"; };
		1A2B3C4D5E6F7000000000BA /* ChatMessage.swift */ = {isa = PBXFileReference; lastKnownFileType = sourcecode.swift; path = ChatMessage.swift; sourceTree = "<group>"; };
		1A2B3C4D5E6F7000000000BB /* Session.swift */ = {isa = PBXFileReference; lastKnownFileType = sourcecode.swift; path = Session.swift; sourceTree = "<group>"; };
		C15200000000000000000001 /* OnboardingFlowPolicy.swift */ = {isa = PBXFileReference; lastKnownFileType = sourcecode.swift; path = OnboardingFlowPolicy.swift; sourceTree = "<group>"; };
		C15200000000000000000002 /* OnboardingWelcomePage.swift */ = {isa = PBXFileReference; lastKnownFileType = sourcecode.swift; path = OnboardingWelcomePage.swift; sourceTree = "<group>"; };
		C15200000000000000000003 /* OnboardingFeaturesPage.swift */ = {isa = PBXFileReference; lastKnownFileType = sourcecode.swift; path = OnboardingFeaturesPage.swift; sourceTree = "<group>"; };
		C15200000000000000000004 /* OnboardingAgentPromptPage.swift */ = {isa = PBXFileReference; lastKnownFileType = sourcecode.swift; path = OnboardingAgentPromptPage.swift; sourceTree = "<group>"; };
		C15200000000000000000005 /* OnboardingTailscalePage.swift */ = {isa = PBXFileReference; lastKnownFileType = sourcecode.swift; path = OnboardingTailscalePage.swift; sourceTree = "<group>"; };
		C15200000000000000000006 /* OnboardingConnectPage.swift */ = {isa = PBXFileReference; lastKnownFileType = sourcecode.swift; path = OnboardingConnectPage.swift; sourceTree = "<group>"; };
		C15200000000000000000007 /* OnboardingFlowTests.swift */ = {isa = PBXFileReference; lastKnownFileType = sourcecode.swift; path = OnboardingFlowTests.swift; sourceTree = "<group>"; };
		C14300000000000000000004 /* StreamingMarkdownSupportTests.swift */ = {isa = PBXFileReference; lastKnownFileType = sourcecode.swift; path = StreamingMarkdownSupportTests.swift; sourceTree = "<group>"; };
		C13000000000000000000002 /* ChatVerticalScrollAxisGuardTests.swift */ = {isa = PBXFileReference; lastKnownFileType = sourcecode.swift; path = ChatVerticalScrollAxisGuardTests.swift; sourceTree = "<group>"; };
		C05100000000000000000014 /* ChatTranscriptSupportingViews.swift */ = {isa = PBXFileReference; lastKnownFileType = sourcecode.swift; path = ChatTranscriptSupportingViews.swift; sourceTree = "<group>"; };
		1A2B3C4D5E6F7000000000D2 /* SessionRowView.swift */ = {isa = PBXFileReference; lastKnownFileType = sourcecode.swift; path = SessionRowView.swift; sourceTree = "<group>"; };
		C02700000000000000000002 /* ActiveStreamRecoveryState.swift */ = {isa = PBXFileReference; lastKnownFileType = sourcecode.swift; path = ActiveStreamRecoveryState.swift; sourceTree = "<group>"; };
		C0FF000000000000000000A2 /* CustomHeader.swift */ = {isa = PBXFileReference; lastKnownFileType = sourcecode.swift; path = CustomHeader.swift; sourceTree = "<group>"; };
		F03400000000000000000011 /* PreservedWebUIReadService.swift */ = {isa = PBXFileReference; lastKnownFileType = sourcecode.swift; path = PreservedWebUIReadService.swift; sourceTree = "<group>"; };
		F03400000000000000000012 /* PreservedWebUIReadServiceTests.swift */ = {isa = PBXFileReference; lastKnownFileType = sourcecode.swift; path = PreservedWebUIReadServiceTests.swift; sourceTree = "<group>"; };
		F03400000000000000000013 /* PreservedWebUICredentialReader.swift */ = {isa = PBXFileReference; lastKnownFileType = sourcecode.swift; path = PreservedWebUICredentialReader.swift; sourceTree = "<group>"; };
		1A2B3C4D5E6F7000000000D9 /* MessageBubbleView.swift */ = {isa = PBXFileReference; lastKnownFileType = sourcecode.swift; path = MessageBubbleView.swift; sourceTree = "<group>"; };
		1A2B3C4D5E6F7000000000DB /* MarkdownRenderer.swift */ = {isa = PBXFileReference; lastKnownFileType = sourcecode.swift; path = MarkdownRenderer.swift; sourceTree = "<group>"; };
		C14300000000000000000002 /* StreamingMarkdownSupport.swift */ = {isa = PBXFileReference; lastKnownFileType = sourcecode.swift; path = StreamingMarkdownSupport.swift; sourceTree = "<group>"; };
		C0DE34000000000000000002 /* TranscriptMedia.swift */ = {isa = PBXFileReference; lastKnownFileType = sourcecode.swift; path = TranscriptMedia.swift; sourceTree = "<group>"; };
		C0DE34000000000000000005 /* TranscriptMediaView.swift */ = {isa = PBXFileReference; lastKnownFileType = sourcecode.swift; path = TranscriptMediaView.swift; sourceTree = "<group>"; };
		C0DE3400000000000000000E /* TranscriptMediaExportSupport.swift */ = {isa = PBXFileReference; lastKnownFileType = sourcecode.swift; path = TranscriptMediaExportSupport.swift; sourceTree = "<group>"; };
		C0DE12000000000000000002 /* TranscriptLinkPreview.swift */ = {isa = PBXFileReference; lastKnownFileType = sourcecode.swift; path = TranscriptLinkPreview.swift; sourceTree = "<group>"; };
		C0DE12000000000000000008 /* TranscriptLinkPreviewCache.swift */ = {isa = PBXFileReference; lastKnownFileType = sourcecode.swift; path = TranscriptLinkPreviewCache.swift; sourceTree = "<group>"; };
		C0DE12000000000000000006 /* TranscriptLinkPreviewView.swift */ = {isa = PBXFileReference; lastKnownFileType = sourcecode.swift; path = TranscriptLinkPreviewView.swift; sourceTree = "<group>"; };
		C0DE20000000000000000002 /* ChatTactileButtonStyle.swift */ = {isa = PBXFileReference; lastKnownFileType = sourcecode.swift; path = ChatTactileButtonStyle.swift; sourceTree = "<group>"; };
		C0DE21000000000000000002 /* ChatMotion.swift */ = {isa = PBXFileReference; lastKnownFileType = sourcecode.swift; path = ChatMotion.swift; sourceTree = "<group>"; };
		C0DE25000000000000000002 /* ChatScrollPolicy.swift */ = {isa = PBXFileReference; lastKnownFileType = sourcecode.swift; path = ChatScrollPolicy.swift; sourceTree = "<group>"; };
		C0DE25000000000000000004 /* ChatScrollPolicyTests.swift */ = {isa = PBXFileReference; lastKnownFileType = sourcecode.swift; path = ChatScrollPolicyTests.swift; sourceTree = "<group>"; };
		C09300000000000000000002 /* HapticButton.swift */ = {isa = PBXFileReference; lastKnownFileType = sourcecode.swift; path = HapticButton.swift; sourceTree = "<group>"; };
		C09300000000000000000004 /* HapticButtonTests.swift */ = {isa = PBXFileReference; lastKnownFileType = sourcecode.swift; path = HapticButtonTests.swift; sourceTree = "<group>"; };
		C09500000000000000000002 /* AdaptiveGlassModifier.swift */ = {isa = PBXFileReference; lastKnownFileType = sourcecode.swift; path = AdaptiveGlassModifier.swift; sourceTree = "<group>"; };
		C09500000000000000000004 /* AdaptiveGlassTests.swift */ = {isa = PBXFileReference; lastKnownFileType = sourcecode.swift; path = AdaptiveGlassTests.swift; sourceTree = "<group>"; };
		031031031031031031031002 /* MarkdownMathSegmenter.swift */ = {isa = PBXFileReference; lastKnownFileType = sourcecode.swift; path = MarkdownMathSegmenter.swift; sourceTree = "<group>"; };
		031031031031031031031006 /* MarkdownMathFormatter.swift */ = {isa = PBXFileReference; lastKnownFileType = sourcecode.swift; path = MarkdownMathFormatter.swift; sourceTree = "<group>"; };
		031031031031031031031008 /* MarkdownMathFormatter+Support.swift */ = {isa = PBXFileReference; lastKnownFileType = sourcecode.swift; path = "MarkdownMathFormatter+Support.swift"; sourceTree = "<group>"; };
		03103103103103103103100A /* DisplayMathView.swift */ = {isa = PBXFileReference; lastKnownFileType = sourcecode.swift; path = DisplayMathView.swift; sourceTree = "<group>"; };
		03103103103103103103100C /* MarkdownMathFormatter+Environments.swift */ = {isa = PBXFileReference; lastKnownFileType = sourcecode.swift; path = "MarkdownMathFormatter+Environments.swift"; sourceTree = "<group>"; };
		031031031031031031031004 /* MarkdownMathRendererTests.swift */ = {isa = PBXFileReference; lastKnownFileType = sourcecode.swift; path = MarkdownMathRendererTests.swift; sourceTree = "<group>"; };
		C0DE34000000000000000004 /* TranscriptMediaParserTests.swift */ = {isa = PBXFileReference; lastKnownFileType = sourcecode.swift; path = TranscriptMediaParserTests.swift; sourceTree = "<group>"; };
		C0DE12000000000000000004 /* TranscriptLinkPreviewTests.swift */ = {isa = PBXFileReference; lastKnownFileType = sourcecode.swift; path = TranscriptLinkPreviewTests.swift; sourceTree = "<group>"; };
		1A2B3C4D5E6F7000000000DF /* ToolCall.swift */ = {isa = PBXFileReference; lastKnownFileType = sourcecode.swift; path = ToolCall.swift; sourceTree = "<group>"; };
		C12800000000000000000002 /* ToolActivityGroupView.swift */ = {isa = PBXFileReference; lastKnownFileType = sourcecode.swift; path = ToolActivityGroupView.swift; sourceTree = "<group>"; };
		1A2B3C4D5E6F7000000000E1 /* ToolCallCardView.swift */ = {isa = PBXFileReference; lastKnownFileType = sourcecode.swift; path = ToolCallCardView.swift; sourceTree = "<group>"; };
		C12800000000000000000004 /* ChatTimelineAccessorySurface.swift */ = {isa = PBXFileReference; lastKnownFileType = sourcecode.swift; path = ChatTimelineAccessorySurface.swift; sourceTree = "<group>"; };
		C06000000000000000000002 /* ToolCallDisplayFormatter.swift */ = {isa = PBXFileReference; lastKnownFileType = sourcecode.swift; path = ToolCallDisplayFormatter.swift; sourceTree = "<group>"; };
		1A2B3C4D5E6F7000000000E3 /* ReasoningBlockView.swift */ = {isa = PBXFileReference; lastKnownFileType = sourcecode.swift; path = ReasoningBlockView.swift; sourceTree = "<group>"; };
		BEEF02600000000000000002 /* FileExportSupport.swift */ = {isa = PBXFileReference; lastKnownFileType = sourcecode.swift; path = FileExportSupport.swift; sourceTree = "<group>"; };
		1A2B3C4D5E6F7000000000EE /* CachedSession.swift */ = {isa = PBXFileReference; lastKnownFileType = sourcecode.swift; path = CachedSession.swift; sourceTree = "<group>"; };
		1A2B3C4D5E6F7000000000EF /* CachedMessage.swift */ = {isa = PBXFileReference; lastKnownFileType = sourcecode.swift; path = CachedMessage.swift; sourceTree = "<group>"; };
		1A2B3C4D5E6F7000000000F3 /* CacheStore.swift */ = {isa = PBXFileReference; lastKnownFileType = sourcecode.swift; path = CacheStore.swift; sourceTree = "<group>"; };
		1A2B3C4D5E6F7000000000F4 /* CacheStoreTests.swift */ = {isa = PBXFileReference; lastKnownFileType = sourcecode.swift; path = CacheStoreTests.swift; sourceTree = "<group>"; };
		C09200000000000000000002 /* AppFont.swift */ = {isa = PBXFileReference; lastKnownFileType = sourcecode.swift; path = AppFont.swift; sourceTree = "<group>"; };
		1A2B3C4D5E6F700000000101 /* AppTheme.swift */ = {isa = PBXFileReference; lastKnownFileType = sourcecode.swift; path = AppTheme.swift; sourceTree = "<group>"; };
		C03190000000000000F001 /* AttachmentAudioDetection.swift */ = {isa = PBXFileReference; lastKnownFileType = sourcecode.swift; path = AttachmentAudioDetection.swift; sourceTree = "<group>"; };
		C03190000000000000F002 /* InlineAudioPlayerView.swift */ = {isa = PBXFileReference; lastKnownFileType = sourcecode.swift; path = InlineAudioPlayerView.swift; sourceTree = "<group>"; };
		C03190000000000000F003 /* AttachmentAudioDetectionTests.swift */ = {isa = PBXFileReference; lastKnownFileType = sourcecode.swift; path = AttachmentAudioDetectionTests.swift; sourceTree = "<group>"; };
		1A2B3C4D5E6F700000000103 /* AppThemeTests.swift */ = {isa = PBXFileReference; lastKnownFileType = sourcecode.swift; path = AppThemeTests.swift; sourceTree = "<group>"; };
		1A2B3C4D5E6F70000000151 /* UploadResponse.swift */ = {isa = PBXFileReference; lastKnownFileType = sourcecode.swift; path = UploadResponse.swift; sourceTree = "<group>"; };
		1A2B3C4D5E6F70000000153 /* MessageAttachment.swift */ = {isa = PBXFileReference; lastKnownFileType = sourcecode.swift; path = MessageAttachment.swift; sourceTree = "<group>"; };
		1A2B3C4D5E6F70000000301 /* PrivacyInfo.xcprivacy */ = {isa = PBXFileReference; lastKnownFileType = text.plist.xml; path = PrivacyInfo.xcprivacy; sourceTree = "<group>"; };
		B5A100000000000000000010 /* SharedDraftStore.swift */ = {isa = PBXFileReference; lastKnownFileType = sourcecode.swift; path = SharedDraftStore.swift; sourceTree = "<group>"; };
		B5A100000000000000000015 /* HermesMobile.entitlements */ = {isa = PBXFileReference; lastKnownFileType = text.plist.entitlements; path = HermesMobile.entitlements; sourceTree = "<group>"; };
		488791F556304AD2AC59BC5D /* ThirdPartyNotices */ = {isa = PBXFileReference; lastKnownFileType = folder; path = ThirdPartyNotices; sourceTree = "<group>"; };
		B5A100000000000000000016 /* SharedDraftStoreTests.swift */ = {isa = PBXFileReference; lastKnownFileType = sourcecode.swift; path = SharedDraftStoreTests.swift; sourceTree = "<group>"; };
		B5A100000000000000000019 /* ShareInputReaderTests.swift */ = {isa = PBXFileReference; lastKnownFileType = sourcecode.swift; path = ShareInputReaderTests.swift; sourceTree = "<group>"; };
		C21200000000000000000002 /* StreamingWordDrain.swift */ = {isa = PBXFileReference; lastKnownFileType = sourcecode.swift; path = StreamingWordDrain.swift; sourceTree = "<group>"; };
		C21200000000000000000004 /* StreamingWordDrainTests.swift */ = {isa = PBXFileReference; lastKnownFileType = sourcecode.swift; path = StreamingWordDrainTests.swift; sourceTree = "<group>"; };
		C21300000000000000000002 /* StreamingTextFade.swift */ = {isa = PBXFileReference; lastKnownFileType = sourcecode.swift; path = StreamingTextFade.swift; sourceTree = "<group>"; };
		C21300000000000000000004 /* StreamingTextFadeRenderer.swift */ = {isa = PBXFileReference; lastKnownFileType = sourcecode.swift; path = StreamingTextFadeRenderer.swift; sourceTree = "<group>"; };
		C21300000000000000000006 /* StreamingTextFadeTests.swift */ = {isa = PBXFileReference; lastKnownFileType = sourcecode.swift; path = StreamingTextFadeTests.swift; sourceTree = "<group>"; };
		C23400000000000000000002 /* StreamingLabReplay.swift */ = {isa = PBXFileReference; lastKnownFileType = sourcecode.swift; path = StreamingLabReplay.swift; sourceTree = "<group>"; };
		C23400000000000000000004 /* StreamingLabView.swift */ = {isa = PBXFileReference; lastKnownFileType = sourcecode.swift; path = StreamingLabView.swift; sourceTree = "<group>"; };
		C72600000000000000000002 /* CoreChatLabView.swift */ = {isa = PBXFileReference; lastKnownFileType = sourcecode.swift; path = CoreChatLabView.swift; sourceTree = "<group>"; };
		C23400000000000000000006 /* StreamingLabReplayTests.swift */ = {isa = PBXFileReference; lastKnownFileType = sourcecode.swift; path = StreamingLabReplayTests.swift; sourceTree = "<group>"; };
		A04500000000000000000010 /* AgentRunActivityAttributes.swift */ = {isa = PBXFileReference; lastKnownFileType = sourcecode.swift; path = AgentRunActivityAttributes.swift; sourceTree = "<group>"; };
		A04500000000000000000011 /* HermesDeepLink.swift */ = {isa = PBXFileReference; lastKnownFileType = sourcecode.swift; path = HermesDeepLink.swift; sourceTree = "<group>"; };
		A04500000000000000000012 /* AgentLiveActivityManager.swift */ = {isa = PBXFileReference; lastKnownFileType = sourcecode.swift; path = AgentLiveActivityManager.swift; sourceTree = "<group>"; };
		A04500000000000000000018 /* LiveActivityTests.swift */ = {isa = PBXFileReference; lastKnownFileType = sourcecode.swift; path = LiveActivityTests.swift; sourceTree = "<group>"; };
/* End PBXFileReference section */

/* Begin PBXFrameworksBuildPhase section */
		1A2B3C4D5E6F700000000020 /* Frameworks */ = {
			isa = PBXFrameworksBuildPhase;
			buildActionMask = 2147483647;
			files = (
				1A2B3C4D5E6F700000000005 /* MarkdownUI in Frameworks */,
				1A2B3C4D5E6F700000000006 /* Splash in Frameworks */,
				1A2B3C4D5E6F700000000007 /* Highlightr in Frameworks */,
				1A2B3C4D5E6F700000000008 /* KeychainAccess in Frameworks */,
				5417A7400000000000000092 /* SwiftMath in Frameworks */,
			);
			runOnlyForDeploymentPostprocessing = 0;
		};
		1A2B3C4D5E6F700000000021 /* Frameworks */ = {
			isa = PBXFrameworksBuildPhase;
			buildActionMask = 2147483647;
			files = (
				C21300000000000000000007 /* MarkdownUI in Frameworks */,
			);
			runOnlyForDeploymentPostprocessing = 0;
		};
/* End PBXFrameworksBuildPhase section */

/* Begin PBXGroup section */
		1A2B3C4D5E6F700000000030 = {
			isa = PBXGroup;
			children = (
				351C0F1600000000000000A1 /* Shared.xcconfig */,
				E027000000000000000000A1 /* PersonalSideload.xcconfig */,
				1A2B3C4D5E6F700000000031 /* HermesMobile */,
				1A2B3C4D5E6F700000000034 /* HermesMobileTests */,
				1A2B3C4D5E6F700000000032 /* Products */,
			);
			sourceTree = "<group>";
		};
		1A2B3C4D5E6F700000000031 /* HermesMobile */ = {
			isa = PBXGroup;
			children = (
				1A2B3C4D5E6F700000000011 /* HermesMobileApp.swift */,
				1A2B3C4D5E6F700000000012 /* ContentView.swift */,
				1A2B3C4D5E6F7000000000FA /* Config */,
				1A2B3C4D5E6F700000000339 /* AppIntents */,
				A04500000000000000000020 /* LiveActivities */,
				1A2B3C4D5E6F7000000000C0 /* Auth */,
				1A2B3C4D5E6F7000000000C1 /* Networking */,
				1A2B3C4D5E6F7000000000C2 /* Models */,
				1A2B3C4D5E6F7000000000F0 /* Persistence */,
				1A2B3C4D5E6F7000000000C3 /* Features */,
				1A2B3C4D5E6F700000000033 /* Resources */,
			);
			path = HermesMobile;
			sourceTree = "<group>";
		};
		1A2B3C4D5E6F700000000032 /* Products */ = {
			isa = PBXGroup;
			children = (
				1A2B3C4D5E6F700000000010 /* HermesMobile.app */,
				1A2B3C4D5E6F700000000015 /* HermesMobileTests.xctest */,
			);
			name = Products;
			sourceTree = "<group>";
		};
		1A2B3C4D5E6F700000000033 /* Resources */ = {
			isa = PBXGroup;
			children = (
				1A2B3C4D5E6F700000000014 /* Assets.xcassets */,
				10CA110C0DE000000000B002 /* Localizable.xcstrings */,
				10CA110C0DE000000000B005 /* AppShortcuts.xcstrings */,
				1A2B3C4D5E6F700000000013 /* Info.plist */,
				B5A100000000000000000015 /* HermesMobile.entitlements */,
				1A2B3C4D5E6F70000000301 /* PrivacyInfo.xcprivacy */,
				488791F556304AD2AC59BC5D /* ThirdPartyNotices */,
			);
			path = Resources;
			sourceTree = "<group>";
		};
		1A2B3C4D5E6F700000000034 /* HermesMobileTests */ = {
			isa = PBXGroup;
			children = (
				10CA110C0DE000000000C002 /* LocalizationCatalogTests.swift */,
				C00100000000000000000013 /* CompanionConnectionServiceTests.swift */,
				C72400000000000000000002 /* CompanionAttachmentStagerTests.swift */,
				D01600000000000000000013 /* CompanionDiscoveryTests.swift */,
				E00600000000000000000014 /* SessionRepositoryTests.swift */,
				E00800000000000000000012 /* ConversationRunServiceTests.swift */,
				E02700000000000000000012 /* CompanionTestSupport.swift */,
					C15200000000000000000007 /* OnboardingFlowTests.swift */,
				C14300000000000000000004 /* StreamingMarkdownSupportTests.swift */,
				C13000000000000000000002 /* ChatVerticalScrollAxisGuardTests.swift */,
				C0DE25000000000000000004 /* ChatScrollPolicyTests.swift */,
				C21200000000000000000004 /* StreamingWordDrainTests.swift */,
				C21300000000000000000006 /* StreamingTextFadeTests.swift */,
				C23400000000000000000006 /* StreamingLabReplayTests.swift */,
				1A2B3C4D5E6F7000000000F4 /* CacheStoreTests.swift */,
				1A2B3C4D5E6F700000000103 /* AppThemeTests.swift */,
				C03190000000000000F003 /* AttachmentAudioDetectionTests.swift */,
				C09300000000000000000004 /* HapticButtonTests.swift */,
				C09500000000000000000004 /* AdaptiveGlassTests.swift */,
				B5A100000000000000000016 /* SharedDraftStoreTests.swift */,
				B5A100000000000000000019 /* ShareInputReaderTests.swift */,
				031031031031031031031004 /* MarkdownMathRendererTests.swift */,
				C0DE34000000000000000004 /* TranscriptMediaParserTests.swift */,
				C0DE12000000000000000004 /* TranscriptLinkPreviewTests.swift */,
				F03400000000000000000012 /* PreservedWebUIReadServiceTests.swift */,
				A04500000000000000000018 /* LiveActivityTests.swift */,
				1A2B3C4D5E6F700000000340 /* AppIntentNewChatTests.swift */,
				1A2B3C4D5E6F700000000344 /* AppIntentNewChatInProfileTests.swift */,
			);
			path = HermesMobileTests;
			sourceTree = "<group>";
		};
		1A2B3C4D5E6F7000000000C0 /* Auth */ = {
			isa = PBXGroup;
			children = (
				C00100000000000000000012 /* CompanionConnectionManager.swift */,
				1A2B3C4D5E6F7000000000B0 /* KeychainStore.swift */,
			);
			path = Auth;
			sourceTree = "<group>";
		};
		1A2B3C4D5E6F7000000000C1 /* Networking */ = {
			isa = PBXGroup;
			children = (
				C00100000000000000000011 /* CompanionConnectionService.swift */,
				D01600000000000000000011 /* CompanionDiscoveryService.swift */,
				E00600000000000000000011 /* SessionRepository.swift */,
				E00700000000000000000011 /* SessionRepository+Lifecycle.swift */,
				E00800000000000000000011 /* ConversationRunService.swift */,
				F03100000000000000000011 /* CompanionSessionPool.swift */,
				F02400000000000000000011 /* CompanionWorkspaceModels.swift */,
				F02100000000000000000011 /* CompanionWorkspaceService.swift */,
				F03400000000000000000011 /* PreservedWebUIReadService.swift */,
				F03400000000000000000013 /* PreservedWebUICredentialReader.swift */,
				C0FF000000000000000000A2 /* CustomHeader.swift */,
			);
			path = Networking;
			sourceTree = "<group>";
		};
		1A2B3C4D5E6F7000000000C2 /* Models */ = {
			isa = PBXGroup;
			children = (
				1A2B3C4D5E6F7000000000BB /* Session.swift */,
				1A2B3C4D5E6F7000000000BA /* ChatMessage.swift */,
				1A2B3C4D5E6F7000000000DF /* ToolCall.swift */,
				1A2B3C4D5E6F7000000000B9 /* JSONValue.swift */,
				1A2B3C4D5E6F70000000151 /* UploadResponse.swift */,
				1A2B3C4D5E6F70000000153 /* MessageAttachment.swift */,
				C03190000000000000F001 /* AttachmentAudioDetection.swift */,
			);
			path = Models;
			sourceTree = "<group>";
		};
		1A2B3C4D5E6F7000000000C3 /* Features */ = {
			isa = PBXGroup;
			children = (
				1A2B3C4D5E6F7000000000C4 /* Onboarding */,
				C09300000000000000000010 /* Shared */,
				1A2B3C4D5E6F7000000000C5 /* SessionList */,
				1A2B3C4D5E6F7000000000C6 /* Chat */,
				1A2B3C4D5E6F7000000000C7 /* Workspace */,
				1A2B3C4D5E6F7000000000F7 /* Settings */,
				B5A100000000000000000050 /* Share */,
			);
			path = Features;
			sourceTree = "<group>";
		};
		1A2B3C4D5E6F7000000000C4 /* Onboarding */ = {
			isa = PBXGroup;
			children = (
				1A2B3C4D5E6F7000000000B5 /* OnboardingView.swift */,
				C15200000000000000000006 /* OnboardingConnectPage.swift */,
				C15200000000000000000004 /* OnboardingAgentPromptPage.swift */,
				C15200000000000000000003 /* OnboardingFeaturesPage.swift */,
				C15200000000000000000001 /* OnboardingFlowPolicy.swift */,
				C15200000000000000000005 /* OnboardingTailscalePage.swift */,
				C15200000000000000000002 /* OnboardingWelcomePage.swift */,
				1A2B3C4D5E6F70000000411 /* OnboardingComponents.swift */,
				1A2B3C4D5E6F7000000000B6 /* OnboardingViewModel.swift */,
			);
			path = Onboarding;
			sourceTree = "<group>";
		};
		C09300000000000000000010 /* Shared */ = {
			isa = PBXGroup;
			children = (
				C09300000000000000000002 /* HapticButton.swift */,
				C09500000000000000000002 /* AdaptiveGlassModifier.swift */,
			);
			path = Shared;
			sourceTree = "<group>";
		};
		1A2B3C4D5E6F7000000000C5 /* SessionList */ = {
			isa = PBXGroup;
			children = (
				E03300000000000000000011 /* CompanionActiveRunStore.swift */,
				E00600000000000000000013 /* CompanionSessionListView.swift */,
				E00600000000000000000012 /* CompanionSessionListViewModel.swift */,
				E02700000000000000000011 /* CompanionPresentationSupport.swift */,
				D01600000000000000000012 /* CompanionDiscoveryView.swift */,
				F02200000000000000000011 /* CompanionWorkspaceView.swift */,
				F02300000000000000000011 /* CompanionMemoryView.swift */,
				1A2B3C4D5E6F7000000000D2 /* SessionRowView.swift */,
			);
			path = SessionList;
			sourceTree = "<group>";
		};
		1A2B3C4D5E6F7000000000C6 /* Chat */ = {
			isa = PBXGroup;
			children = (
				C05100000000000000000014 /* ChatTranscriptSupportingViews.swift */,
				C0DE20000000000000000002 /* ChatTactileButtonStyle.swift */,
				C0DE21000000000000000002 /* ChatMotion.swift */,
				C0DE25000000000000000002 /* ChatScrollPolicy.swift */,
				C02700000000000000000002 /* ActiveStreamRecoveryState.swift */,
				1A2B3C4D5E6F7000000000D9 /* MessageBubbleView.swift */,
				C03190000000000000F002 /* InlineAudioPlayerView.swift */,
				C12800000000000000000002 /* ToolActivityGroupView.swift */,
				1A2B3C4D5E6F7000000000E1 /* ToolCallCardView.swift */,
				C12800000000000000000004 /* ChatTimelineAccessorySurface.swift */,
				C06000000000000000000002 /* ToolCallDisplayFormatter.swift */,
				1A2B3C4D5E6F7000000000E3 /* ReasoningBlockView.swift */,
				C21200000000000000000002 /* StreamingWordDrain.swift */,
				C21300000000000000000002 /* StreamingTextFade.swift */,
				C21300000000000000000004 /* StreamingTextFadeRenderer.swift */,
				1A2B3C4D5E6F7000000000DB /* MarkdownRenderer.swift */,
				C14300000000000000000002 /* StreamingMarkdownSupport.swift */,
				C0DE34000000000000000002 /* TranscriptMedia.swift */,
				C0DE34000000000000000005 /* TranscriptMediaView.swift */,
				C0DE3400000000000000000E /* TranscriptMediaExportSupport.swift */,
				C0DE12000000000000000002 /* TranscriptLinkPreview.swift */,
				C0DE12000000000000000008 /* TranscriptLinkPreviewCache.swift */,
				C0DE12000000000000000006 /* TranscriptLinkPreviewView.swift */,
				03103103103103103103100A /* DisplayMathView.swift */,
				031031031031031031031002 /* MarkdownMathSegmenter.swift */,
				031031031031031031031006 /* MarkdownMathFormatter.swift */,
				03103103103103103103100C /* MarkdownMathFormatter+Environments.swift */,
				031031031031031031031008 /* MarkdownMathFormatter+Support.swift */,
			);
			path = Chat;
			sourceTree = "<group>";
		};
		1A2B3C4D5E6F7000000000C7 /* Workspace */ = {
			isa = PBXGroup;
			children = (
				BEEF02600000000000000002 /* FileExportSupport.swift */,
			);
			path = Workspace;
			sourceTree = "<group>";
		};
		1A2B3C4D5E6F7000000000F0 /* Persistence */ = {
			isa = PBXGroup;
			children = (
				1A2B3C4D5E6F7000000000F3 /* CacheStore.swift */,
				1A2B3C4D5E6F7000000000EE /* CachedSession.swift */,
				1A2B3C4D5E6F7000000000EF /* CachedMessage.swift */,
			);
			path = Persistence;
			sourceTree = "<group>";
		};
		1A2B3C4D5E6F7000000000F7 /* Settings */ = {
			isa = PBXGroup;
			children = (
				C23400000000000000000002 /* StreamingLabReplay.swift */,
				C23400000000000000000004 /* StreamingLabView.swift */,
				C72600000000000000000002 /* CoreChatLabView.swift */,
			);
			path = Settings;
			sourceTree = "<group>";
		};
		1A2B3C4D5E6F7000000000FA /* Config */ = {
			isa = PBXGroup;
			children = (
				C09200000000000000000002 /* AppFont.swift */,
				1A2B3C4D5E6F700000000101 /* AppTheme.swift */,
			);
			path = Config;
			sourceTree = "<group>";
		};
		B5A100000000000000000050 /* Share */ = {
			isa = PBXGroup;
			children = (
				B5A100000000000000000010 /* SharedDraftStore.swift */,
			);
			path = Share;
			sourceTree = "<group>";
		};
		A04500000000000000000020 /* LiveActivities */ = {
			isa = PBXGroup;
			children = (
				A04500000000000000000010 /* AgentRunActivityAttributes.swift */,
				A04500000000000000000011 /* HermesDeepLink.swift */,
				A04500000000000000000012 /* AgentLiveActivityManager.swift */,
			);
			path = LiveActivities;
			sourceTree = "<group>";
		};
		1A2B3C4D5E6F700000000339 /* AppIntents */ = {
			isa = PBXGroup;
			children = (
				1A2B3C4D5E6F700000000337 /* HermexAppIntents.swift */,
				1A2B3C4D5E6F700000000342 /* ProfileEntity.swift */,
			);
			path = AppIntents;
			sourceTree = "<group>";
		};
/* End PBXGroup section */

/* Begin PBXNativeTarget section */
		1A2B3C4D5E6F700000000040 /* HermesMobile */ = {
			isa = PBXNativeTarget;
			buildConfigurationList = 1A2B3C4D5E6F700000000041 /* Build configuration list for PBXNativeTarget "HermesMobile" */;
			buildPhases = (
				1A2B3C4D5E6F700000000050 /* Sources */,
				1A2B3C4D5E6F700000000060 /* Resources */,
				1A2B3C4D5E6F700000000020 /* Frameworks */,
			);
			buildRules = (
			);
			dependencies = (
			);
			name = HermesMobile;
			packageProductDependencies = (
				1A2B3C4D5E6F700000000095 /* MarkdownUI */,
				1A2B3C4D5E6F700000000096 /* Splash */,
				1A2B3C4D5E6F700000000097 /* Highlightr */,
				1A2B3C4D5E6F700000000098 /* KeychainAccess */,
				5417A7400000000000000091 /* SwiftMath */,
			);
			productName = HermesMobile;
			productReference = 1A2B3C4D5E6F700000000010 /* HermesMobile.app */;
			productType = "com.apple.product-type.application";
		};
		1A2B3C4D5E6F700000000044 /* HermesMobileTests */ = {
			isa = PBXNativeTarget;
			buildConfigurationList = 1A2B3C4D5E6F700000000045 /* Build configuration list for PBXNativeTarget "HermesMobileTests" */;
			buildPhases = (
				1A2B3C4D5E6F700000000052 /* Sources */,
				1A2B3C4D5E6F700000000021 /* Frameworks */,
			);
			buildRules = (
			);
			dependencies = (
				1A2B3C4D5E6F700000000037 /* PBXTargetDependency */,
			);
			name = HermesMobileTests;
			packageProductDependencies = (
				C21300000000000000000008 /* MarkdownUI */,
			);
			productName = HermesMobileTests;
			productReference = 1A2B3C4D5E6F700000000015 /* HermesMobileTests.xctest */;
			productType = "com.apple.product-type.bundle.unit-test";
		};
/* End PBXNativeTarget section */

/* Begin PBXProject section */
		1A2B3C4D5E6F700000000070 /* Project object */ = {
			isa = PBXProject;
			attributes = {
				BuildIndependentTargetsInParallel = 1;
				LastSwiftUpdateCheck = 2640;
				LastUpgradeCheck = 2640;
				TargetAttributes = {
					1A2B3C4D5E6F700000000040 = {
						CreatedOnToolsVersion = 26.4.1;
					};
					1A2B3C4D5E6F700000000044 = {
						CreatedOnToolsVersion = 26.4.1;
						TestTargetID = 1A2B3C4D5E6F700000000040;
					};
				};
			};
			buildConfigurationList = 1A2B3C4D5E6F700000000071 /* Build configuration list for PBXProject "HermesMobile" */;
			compatibilityVersion = "Xcode 14.0";
			developmentRegion = en;
			hasScannedForEncodings = 0;
			knownRegions = (
				en,
				Base,
				"zh-Hans",
			);
			mainGroup = 1A2B3C4D5E6F700000000030;
			packageReferences = (
				1A2B3C4D5E6F700000000091 /* XCRemoteSwiftPackageReference "swift-markdown-ui" */,
				1A2B3C4D5E6F700000000092 /* XCRemoteSwiftPackageReference "Splash" */,
				1A2B3C4D5E6F700000000093 /* XCRemoteSwiftPackageReference "Highlightr" */,
				1A2B3C4D5E6F700000000099 /* XCRemoteSwiftPackageReference "KeychainAccess" */,
				5417A7400000000000000090 /* XCRemoteSwiftPackageReference "SwiftMath" */,
			);
			productRefGroup = 1A2B3C4D5E6F700000000032 /* Products */;
			projectDirPath = "";
			projectRoot = "";
			targets = (
				1A2B3C4D5E6F700000000040 /* HermesMobile */,
				1A2B3C4D5E6F700000000044 /* HermesMobileTests */,
			);
		};
/* End PBXProject section */

/* Begin PBXResourcesBuildPhase section */
		1A2B3C4D5E6F700000000060 /* Resources */ = {
			isa = PBXResourcesBuildPhase;
			buildActionMask = 2147483647;
			files = (
				1A2B3C4D5E6F700000000003 /* Assets.xcassets in Resources */,
				10CA110C0DE000000000B001 /* Localizable.xcstrings in Resources */,
				1A2B3C4D5E6F70000000300 /* PrivacyInfo.xcprivacy in Resources */,
				9E2A653D968A4ACDA19A8142 /* ThirdPartyNotices in Resources */,
			);
			runOnlyForDeploymentPostprocessing = 0;
		};
/* End PBXResourcesBuildPhase section */

/* Begin PBXSourcesBuildPhase section */
		1A2B3C4D5E6F700000000050 /* Sources */ = {
			isa = PBXSourcesBuildPhase;
			buildActionMask = 2147483647;
			files = (
				1A2B3C4D5E6F700000000001 /* HermesMobileApp.swift in Sources */,
				1A2B3C4D5E6F700000000002 /* ContentView.swift in Sources */,
				C00100000000000000000002 /* CompanionConnectionManager.swift in Sources */,
				C00100000000000000000001 /* CompanionConnectionService.swift in Sources */,
				D01600000000000000000001 /* CompanionDiscoveryService.swift in Sources */,
				E00600000000000000000001 /* SessionRepository.swift in Sources */,
				E00700000000000000000001 /* SessionRepository+Lifecycle.swift in Sources */,
				E00800000000000000000001 /* ConversationRunService.swift in Sources */,
				F03100000000000000000001 /* CompanionSessionPool.swift in Sources */,
				F02400000000000000000001 /* CompanionWorkspaceModels.swift in Sources */,
				F02100000000000000000001 /* CompanionWorkspaceService.swift in Sources */,
				F02200000000000000000001 /* CompanionWorkspaceView.swift in Sources */,
				F02300000000000000000001 /* CompanionMemoryView.swift in Sources */,
				1A2B3C4D5E6F7000000000A0 /* KeychainStore.swift in Sources */,
				1A2B3C4D5E6F7000000000A5 /* OnboardingView.swift in Sources */,
				C15210000000000000000006 /* OnboardingConnectPage.swift in Sources */,
				C15210000000000000000004 /* OnboardingAgentPromptPage.swift in Sources */,
				C15210000000000000000003 /* OnboardingFeaturesPage.swift in Sources */,
				C15210000000000000000001 /* OnboardingFlowPolicy.swift in Sources */,
				C15210000000000000000005 /* OnboardingTailscalePage.swift in Sources */,
				C15210000000000000000002 /* OnboardingWelcomePage.swift in Sources */,
				1A2B3C4D5E6F70000000410 /* OnboardingComponents.swift in Sources */,
				1A2B3C4D5E6F7000000000A6 /* OnboardingViewModel.swift in Sources */,
				1A2B3C4D5E6F7000000000AB /* Session.swift in Sources */,
				1A2B3C4D5E6F7000000000AA /* ChatMessage.swift in Sources */,
				1A2B3C4D5E6F7000000000DE /* ToolCall.swift in Sources */,
				1A2B3C4D5E6F7000000000A9 /* JSONValue.swift in Sources */,
				1A2B3C4D5E6F7000000000EC /* CachedSession.swift in Sources */,
				1A2B3C4D5E6F7000000000ED /* CachedMessage.swift in Sources */,
				1A2B3C4D5E6F7000000000F1 /* CacheStore.swift in Sources */,
				C23400000000000000000001 /* StreamingLabReplay.swift in Sources */,
				C23400000000000000000003 /* StreamingLabView.swift in Sources */,
				C72600000000000000000001 /* CoreChatLabView.swift in Sources */,
				C09200000000000000000001 /* AppFont.swift in Sources */,
				1A2B3C4D5E6F700000000100 /* AppTheme.swift in Sources */,
				C09300000000000000000001 /* HapticButton.swift in Sources */,
					C05100000000000000000004 /* ChatTranscriptSupportingViews.swift in Sources */,
				1A2B3C4D5E6F7000000000D8 /* MessageBubbleView.swift in Sources */,
				C03190000000000000B001 /* AttachmentAudioDetection.swift in Sources */,
				C03190000000000000B002 /* InlineAudioPlayerView.swift in Sources */,
				C12800000000000000000001 /* ToolActivityGroupView.swift in Sources */,
				1A2B3C4D5E6F7000000000E0 /* ToolCallCardView.swift in Sources */,
				C06000000000000000000001 /* ToolCallDisplayFormatter.swift in Sources */,
				1A2B3C4D5E6F7000000000E2 /* ReasoningBlockView.swift in Sources */,
				C21200000000000000000001 /* StreamingWordDrain.swift in Sources */,
				C21300000000000000000001 /* StreamingTextFade.swift in Sources */,
				C21300000000000000000003 /* StreamingTextFadeRenderer.swift in Sources */,
				BEEF02600000000000000001 /* FileExportSupport.swift in Sources */,
				1A2B3C4D5E6F7000000000DA /* MarkdownRenderer.swift in Sources */,
				C14300000000000000000001 /* StreamingMarkdownSupport.swift in Sources */,
				C0DE34000000000000000001 /* TranscriptMedia.swift in Sources */,
				C0DE34000000000000000006 /* TranscriptMediaView.swift in Sources */,
				C0DE3400000000000000000D /* TranscriptMediaExportSupport.swift in Sources */,
				C0DE12000000000000000001 /* TranscriptLinkPreview.swift in Sources */,
				C0DE12000000000000000007 /* TranscriptLinkPreviewCache.swift in Sources */,
				C0DE12000000000000000005 /* TranscriptLinkPreviewView.swift in Sources */,
				C0DE20000000000000000001 /* ChatTactileButtonStyle.swift in Sources */,
				C0DE21000000000000000001 /* ChatMotion.swift in Sources */,
				C0DE25000000000000000001 /* ChatScrollPolicy.swift in Sources */,
				C02700000000000000000001 /* ActiveStreamRecoveryState.swift in Sources */,
				C12800000000000000000003 /* ChatTimelineAccessorySurface.swift in Sources */,
				C09500000000000000000001 /* AdaptiveGlassModifier.swift in Sources */,
				031031031031031031031009 /* DisplayMathView.swift in Sources */,
				031031031031031031031001 /* MarkdownMathSegmenter.swift in Sources */,
				031031031031031031031005 /* MarkdownMathFormatter.swift in Sources */,
				03103103103103103103100B /* MarkdownMathFormatter+Environments.swift in Sources */,
				031031031031031031031007 /* MarkdownMathFormatter+Support.swift in Sources */,
				1A2B3C4D5E6F7000000000D0 /* SessionRowView.swift in Sources */,
				E00600000000000000000002 /* CompanionSessionListViewModel.swift in Sources */,
				E03300000000000000000001 /* CompanionActiveRunStore.swift in Sources */,
				E00600000000000000000003 /* CompanionSessionListView.swift in Sources */,
				E02700000000000000000001 /* CompanionPresentationSupport.swift in Sources */,
				D01600000000000000000002 /* CompanionDiscoveryView.swift in Sources */,
				1A2B3C4D5E6F70000000150 /* UploadResponse.swift in Sources */,
				1A2B3C4D5E6F70000000152 /* MessageAttachment.swift in Sources */,
			);
			runOnlyForDeploymentPostprocessing = 0;
		};
		1A2B3C4D5E6F700000000052 /* Sources */ = {
			isa = PBXSourcesBuildPhase;
			buildActionMask = 2147483647;
			files = (
				10CA110C0DE000000000C001 /* LocalizationCatalogTests.swift in Sources */,
				C00100000000000000000003 /* CompanionConnectionServiceTests.swift in Sources */,
				C72400000000000000000001 /* CompanionAttachmentStagerTests.swift in Sources */,
				D01600000000000000000003 /* CompanionDiscoveryTests.swift in Sources */,
				E00600000000000000000004 /* SessionRepositoryTests.swift in Sources */,
				E00800000000000000000002 /* ConversationRunServiceTests.swift in Sources */,
				E02700000000000000000002 /* CompanionTestSupport.swift in Sources */,
					C15210000000000000000007 /* OnboardingFlowTests.swift in Sources */,
				C14300000000000000000003 /* StreamingMarkdownSupportTests.swift in Sources */,
				C13000000000000000000001 /* ChatVerticalScrollAxisGuardTests.swift in Sources */,
				C0DE25000000000000000003 /* ChatScrollPolicyTests.swift in Sources */,
				C21200000000000000000003 /* StreamingWordDrainTests.swift in Sources */,
				C21300000000000000000005 /* StreamingTextFadeTests.swift in Sources */,
				C23400000000000000000005 /* StreamingLabReplayTests.swift in Sources */,
				1A2B3C4D5E6F7000000000F2 /* CacheStoreTests.swift in Sources */,
				1A2B3C4D5E6F700000000102 /* AppThemeTests.swift in Sources */,
				C03190000000000000B003 /* AttachmentAudioDetectionTests.swift in Sources */,
				C09300000000000000000003 /* HapticButtonTests.swift in Sources */,
				031031031031031031031003 /* MarkdownMathRendererTests.swift in Sources */,
				C0DE34000000000000000003 /* TranscriptMediaParserTests.swift in Sources */,
				C0DE12000000000000000003 /* TranscriptLinkPreviewTests.swift in Sources */,
				F03400000000000000000001 /* PreservedWebUIReadService.swift in Sources */,
				F03400000000000000000002 /* CustomHeader.swift in Sources */,
				F03400000000000000000004 /* PreservedWebUICredentialReader.swift in Sources */,
				F03400000000000000000003 /* PreservedWebUIReadServiceTests.swift in Sources */,
			);
			runOnlyForDeploymentPostprocessing = 0;
		};
/* End PBXSourcesBuildPhase section */

/* Begin PBXTargetDependency section */
		1A2B3C4D5E6F700000000037 /* PBXTargetDependency */ = {
			isa = PBXTargetDependency;
			target = 1A2B3C4D5E6F700000000040 /* HermesMobile */;
			targetProxy = 1A2B3C4D5E6F700000000036 /* PBXContainerItemProxy */;
		};
/* End PBXTargetDependency section */

/* Begin XCBuildConfiguration section */
		1A2B3C4D5E6F700000000080 /* Debug */ = {
			isa = XCBuildConfiguration;
			baseConfigurationReference = 351C0F1600000000000000A1 /* Shared.xcconfig */;
			buildSettings = {
				ALWAYS_SEARCH_USER_PATHS = NO;
				APP_DISPLAY_NAME = "Hermes Nest";
				CLANG_ANALYZER_NONNULL = YES;
				CLANG_ANALYZER_NUMBER_OBJECT_CONVERSION = YES_AGGRESSIVE;
				CLANG_CXX_LANGUAGE_STANDARD = "gnu++20";
				CLANG_ENABLE_MODULES = YES;
				CLANG_ENABLE_OBJC_ARC = YES;
				CLANG_ENABLE_OBJC_WEAK = YES;
				CLANG_WARN_BLOCK_CAPTURE_AUTORELEASING = YES;
				CLANG_WARN_BOOL_CONVERSION = YES;
				CLANG_WARN_COMMA = YES;
				CLANG_WARN_CONSTANT_CONVERSION = YES;
				CLANG_WARN_DEPRECATED_OBJC_IMPLEMENTATIONS = YES;
				CLANG_WARN_DIRECT_OBJC_ISA_USAGE = YES_ERROR;
				CLANG_WARN_DOCUMENTATION_COMMENTS = YES;
				CLANG_WARN_EMPTY_BODY = YES;
				CLANG_WARN_ENUM_CONVERSION = YES;
				CLANG_WARN_INFINITE_RECURSION = YES;
				CLANG_WARN_INT_CONVERSION = YES;
				CLANG_WARN_NON_LITERAL_NULL_CONVERSION = YES;
				CLANG_WARN_OBJC_IMPLICIT_RETAIN_SELF = YES;
				CLANG_WARN_OBJC_LITERAL_CONVERSION = YES;
				CLANG_WARN_OBJC_ROOT_CLASS = YES_ERROR;
				CLANG_WARN_QUOTED_INCLUDE_IN_FRAMEWORK_HEADER = YES;
				CLANG_WARN_RANGE_LOOP_ANALYSIS = YES;
				CLANG_WARN_STRICT_PROTOTYPES = YES;
				CLANG_WARN_SUSPICIOUS_MOVE = YES;
				CLANG_WARN_UNGUARDED_AVAILABILITY = YES_AGGRESSIVE;
				CLANG_WARN_UNREACHABLE_CODE = YES;
				CLANG_WARN__DUPLICATE_METHOD_MATCH = YES;
				COPY_PHASE_STRIP = NO;
				DEBUG_INFORMATION_FORMAT = dwarf;
				ENABLE_STRICT_OBJC_MSGSEND = YES;
				ENABLE_TESTABILITY = YES;
				ENABLE_USER_SCRIPT_SANDBOXING = YES;
				GCC_C_LANGUAGE_STANDARD = gnu17;
				GCC_DYNAMIC_NO_PIC = NO;
				GCC_NO_COMMON_BLOCKS = YES;
				GCC_OPTIMIZATION_LEVEL = 0;
				GCC_PREPROCESSOR_DEFINITIONS = (
					"DEBUG=1",
					"$(inherited)",
				);
				GCC_WARN_64_TO_32_BIT_CONVERSION = YES;
				GCC_WARN_ABOUT_RETURN_TYPE = YES_ERROR;
				GCC_WARN_UNDECLARED_SELECTOR = YES;
				GCC_WARN_UNINITIALIZED_AUTOS = YES_AGGRESSIVE;
				GCC_WARN_UNUSED_FUNCTION = YES;
				GCC_WARN_UNUSED_VARIABLE = YES;
				IPHONEOS_DEPLOYMENT_TARGET = 18.0;
				KEYCHAIN_SERVICE = "$(APP_BUNDLE_IDENTIFIER)";
				MTL_ENABLE_DEBUG_INFO = INCLUDE_SOURCE;
				MTL_FAST_MATH = YES;
				ONLY_ACTIVE_ARCH = YES;
				SDKROOT = iphoneos;
				SWIFT_ACTIVE_COMPILATION_CONDITIONS = DEBUG;
				SWIFT_OPTIMIZATION_LEVEL = "-Onone";
				SWIFT_STRICT_CONCURRENCY = targeted;
			};
			name = Debug;
		};
		1A2B3C4D5E6F700000000081 /* Release */ = {
			isa = XCBuildConfiguration;
			baseConfigurationReference = 351C0F1600000000000000A1 /* Shared.xcconfig */;
			buildSettings = {
				ALWAYS_SEARCH_USER_PATHS = NO;
				APP_DISPLAY_NAME = "Hermes Nest";
				CLANG_ANALYZER_NONNULL = YES;
				CLANG_ANALYZER_NUMBER_OBJECT_CONVERSION = YES_AGGRESSIVE;
				CLANG_CXX_LANGUAGE_STANDARD = "gnu++20";
				CLANG_ENABLE_MODULES = YES;
				CLANG_ENABLE_OBJC_ARC = YES;
				CLANG_ENABLE_OBJC_WEAK = YES;
				CLANG_WARN_BLOCK_CAPTURE_AUTORELEASING = YES;
				CLANG_WARN_BOOL_CONVERSION = YES;
				CLANG_WARN_COMMA = YES;
				CLANG_WARN_CONSTANT_CONVERSION = YES;
				CLANG_WARN_DEPRECATED_OBJC_IMPLEMENTATIONS = YES;
				CLANG_WARN_DIRECT_OBJC_ISA_USAGE = YES_ERROR;
				CLANG_WARN_DOCUMENTATION_COMMENTS = YES;
				CLANG_WARN_EMPTY_BODY = YES;
				CLANG_WARN_ENUM_CONVERSION = YES;
				CLANG_WARN_INFINITE_RECURSION = YES;
				CLANG_WARN_INT_CONVERSION = YES;
				CLANG_WARN_NON_LITERAL_NULL_CONVERSION = YES;
				CLANG_WARN_OBJC_IMPLICIT_RETAIN_SELF = YES;
				CLANG_WARN_OBJC_LITERAL_CONVERSION = YES;
				CLANG_WARN_OBJC_ROOT_CLASS = YES_ERROR;
				CLANG_WARN_QUOTED_INCLUDE_IN_FRAMEWORK_HEADER = YES;
				CLANG_WARN_RANGE_LOOP_ANALYSIS = YES;
				CLANG_WARN_STRICT_PROTOTYPES = YES;
				CLANG_WARN_SUSPICIOUS_MOVE = YES;
				CLANG_WARN_UNGUARDED_AVAILABILITY = YES_AGGRESSIVE;
				CLANG_WARN_UNREACHABLE_CODE = YES;
				CLANG_WARN__DUPLICATE_METHOD_MATCH = YES;
				COPY_PHASE_STRIP = NO;
				DEBUG_INFORMATION_FORMAT = "dwarf-with-dsym";
				ENABLE_NS_ASSERTIONS = NO;
				ENABLE_STRICT_OBJC_MSGSEND = YES;
				ENABLE_USER_SCRIPT_SANDBOXING = YES;
				GCC_C_LANGUAGE_STANDARD = gnu17;
				GCC_NO_COMMON_BLOCKS = YES;
				GCC_WARN_64_TO_32_BIT_CONVERSION = YES;
				GCC_WARN_ABOUT_RETURN_TYPE = YES_ERROR;
				GCC_WARN_UNDECLARED_SELECTOR = YES;
				GCC_WARN_UNINITIALIZED_AUTOS = YES_AGGRESSIVE;
				GCC_WARN_UNUSED_FUNCTION = YES;
				GCC_WARN_UNUSED_VARIABLE = YES;
				IPHONEOS_DEPLOYMENT_TARGET = 18.0;
				KEYCHAIN_SERVICE = "$(APP_BUNDLE_IDENTIFIER)";
				MTL_ENABLE_DEBUG_INFO = NO;
				MTL_FAST_MATH = YES;
				SDKROOT = iphoneos;
				SWIFT_COMPILATION_MODE = wholemodule;
				SWIFT_STRICT_CONCURRENCY = targeted;
				VALIDATE_PRODUCT = YES;
			};
			name = Release;
		};
		E02700000000000000000080 /* PersonalSideload */ = {
			isa = XCBuildConfiguration;
			baseConfigurationReference = E027000000000000000000A1 /* PersonalSideload.xcconfig */;
			buildSettings = {
				ALWAYS_SEARCH_USER_PATHS = NO;
				APP_DISPLAY_NAME = "Hermes Nest";
				CLANG_ANALYZER_NONNULL = YES;
				CLANG_ANALYZER_NUMBER_OBJECT_CONVERSION = YES_AGGRESSIVE;
				CLANG_CXX_LANGUAGE_STANDARD = "gnu++20";
				CLANG_ENABLE_MODULES = YES;
				CLANG_ENABLE_OBJC_ARC = YES;
				CLANG_ENABLE_OBJC_WEAK = YES;
				CLANG_WARN_BLOCK_CAPTURE_AUTORELEASING = YES;
				CLANG_WARN_BOOL_CONVERSION = YES;
				CLANG_WARN_COMMA = YES;
				CLANG_WARN_CONSTANT_CONVERSION = YES;
				CLANG_WARN_DEPRECATED_OBJC_IMPLEMENTATIONS = YES;
				CLANG_WARN_DIRECT_OBJC_ISA_USAGE = YES_ERROR;
				CLANG_WARN_DOCUMENTATION_COMMENTS = YES;
				CLANG_WARN_EMPTY_BODY = YES;
				CLANG_WARN_ENUM_CONVERSION = YES;
				CLANG_WARN_INFINITE_RECURSION = YES;
				CLANG_WARN_INT_CONVERSION = YES;
				CLANG_WARN_NON_LITERAL_NULL_CONVERSION = YES;
				CLANG_WARN_OBJC_IMPLICIT_RETAIN_SELF = YES;
				CLANG_WARN_OBJC_LITERAL_CONVERSION = YES;
				CLANG_WARN_OBJC_ROOT_CLASS = YES_ERROR;
				CLANG_WARN_QUOTED_INCLUDE_IN_FRAMEWORK_HEADER = YES;
				CLANG_WARN_RANGE_LOOP_ANALYSIS = YES;
				CLANG_WARN_STRICT_PROTOTYPES = YES;
				CLANG_WARN_SUSPICIOUS_MOVE = YES;
				CLANG_WARN_UNGUARDED_AVAILABILITY = YES_AGGRESSIVE;
				CLANG_WARN_UNREACHABLE_CODE = YES;
				CLANG_WARN__DUPLICATE_METHOD_MATCH = YES;
				COPY_PHASE_STRIP = NO;
				DEBUG_INFORMATION_FORMAT = "dwarf-with-dsym";
				ENABLE_NS_ASSERTIONS = NO;
				ENABLE_STRICT_OBJC_MSGSEND = YES;
				ENABLE_USER_SCRIPT_SANDBOXING = YES;
				GCC_C_LANGUAGE_STANDARD = gnu17;
				GCC_NO_COMMON_BLOCKS = YES;
				GCC_WARN_64_TO_32_BIT_CONVERSION = YES;
				GCC_WARN_ABOUT_RETURN_TYPE = YES_ERROR;
				GCC_WARN_UNDECLARED_SELECTOR = YES;
				GCC_WARN_UNINITIALIZED_AUTOS = YES_AGGRESSIVE;
				GCC_WARN_UNUSED_FUNCTION = YES;
				GCC_WARN_UNUSED_VARIABLE = YES;
				IPHONEOS_DEPLOYMENT_TARGET = 18.0;
				KEYCHAIN_SERVICE = "$(APP_BUNDLE_IDENTIFIER)";
				MTL_ENABLE_DEBUG_INFO = NO;
				MTL_FAST_MATH = YES;
				SDKROOT = iphoneos;
				SWIFT_COMPILATION_MODE = wholemodule;
				SWIFT_STRICT_CONCURRENCY = targeted;
				VALIDATE_PRODUCT = YES;
			};
			name = PersonalSideload;
		};
		1A2B3C4D5E6F700000000082 /* Debug */ = {
			isa = XCBuildConfiguration;
			buildSettings = {
				ASSETCATALOG_COMPILER_APPICON_NAME = AppIcon;
				ASSETCATALOG_COMPILER_GLOBAL_ACCENT_COLOR_NAME = AccentColor;
				CODE_SIGN_ENTITLEMENTS = HermesMobile/Resources/HermesMobile.entitlements;
				CODE_SIGN_STYLE = Automatic;
				CURRENT_PROJECT_VERSION = 1;
				DEVELOPMENT_ASSET_PATHS = "";
				GENERATE_INFOPLIST_FILE = NO;
				INFOPLIST_FILE = HermesMobile/Resources/Info.plist;
				IPHONEOS_DEPLOYMENT_TARGET = 18.0;
				LD_RUNPATH_SEARCH_PATHS = (
					"$(inherited)",
					"@executable_path/Frameworks",
				);
				MARKETING_VERSION = 1.4;
				PRODUCT_BUNDLE_IDENTIFIER = "$(APP_BUNDLE_IDENTIFIER)";
				PRODUCT_NAME = "$(TARGET_NAME)";
				SUPPORTED_PLATFORMS = "iphoneos iphonesimulator";
				SUPPORTS_MACCATALYST = NO;
				SUPPORTS_MAC_DESIGNED_FOR_IPHONE_IPAD = NO;
				SWIFT_EMIT_LOC_STRINGS = YES;
				SWIFT_VERSION = 5.9;
				TARGETED_DEVICE_FAMILY = "1,2";
			};
			name = Debug;
		};
		1A2B3C4D5E6F700000000083 /* Release */ = {
			isa = XCBuildConfiguration;
			buildSettings = {
				ASSETCATALOG_COMPILER_APPICON_NAME = AppIcon;
				ASSETCATALOG_COMPILER_GLOBAL_ACCENT_COLOR_NAME = AccentColor;
				CODE_SIGN_ENTITLEMENTS = HermesMobile/Resources/HermesMobile.entitlements;
				CODE_SIGN_STYLE = Automatic;
				CURRENT_PROJECT_VERSION = 1;
				DEVELOPMENT_ASSET_PATHS = "";
				GENERATE_INFOPLIST_FILE = NO;
				INFOPLIST_FILE = HermesMobile/Resources/Info.plist;
				IPHONEOS_DEPLOYMENT_TARGET = 18.0;
				LD_RUNPATH_SEARCH_PATHS = (
					"$(inherited)",
					"@executable_path/Frameworks",
				);
				MARKETING_VERSION = 1.4;
				PRODUCT_BUNDLE_IDENTIFIER = "$(APP_BUNDLE_IDENTIFIER)";
				PRODUCT_NAME = "$(TARGET_NAME)";
				SUPPORTED_PLATFORMS = "iphoneos iphonesimulator";
				SUPPORTS_MACCATALYST = NO;
				SUPPORTS_MAC_DESIGNED_FOR_IPHONE_IPAD = NO;
				SWIFT_EMIT_LOC_STRINGS = YES;
				SWIFT_VERSION = 5.9;
				TARGETED_DEVICE_FAMILY = "1,2";
			};
			name = Release;
		};
		E02700000000000000000082 /* PersonalSideload */ = {
			isa = XCBuildConfiguration;
			buildSettings = {
				ASSETCATALOG_COMPILER_APPICON_NAME = AppIcon;
				ASSETCATALOG_COMPILER_GLOBAL_ACCENT_COLOR_NAME = AccentColor;
				CODE_SIGN_ENTITLEMENTS = HermesMobile/Resources/HermesMobile.entitlements;
				CODE_SIGN_STYLE = Automatic;
				CURRENT_PROJECT_VERSION = 1;
				DEVELOPMENT_ASSET_PATHS = "";
				GENERATE_INFOPLIST_FILE = NO;
				INFOPLIST_FILE = HermesMobile/Resources/Info.plist;
				IPHONEOS_DEPLOYMENT_TARGET = 18.0;
				LD_RUNPATH_SEARCH_PATHS = (
					"$(inherited)",
					"@executable_path/Frameworks",
				);
				MARKETING_VERSION = 1.4;
				PRODUCT_BUNDLE_IDENTIFIER = "$(APP_BUNDLE_IDENTIFIER)";
				PRODUCT_NAME = "$(TARGET_NAME)";
				SUPPORTED_PLATFORMS = "iphoneos iphonesimulator";
				SUPPORTS_MACCATALYST = NO;
				SUPPORTS_MAC_DESIGNED_FOR_IPHONE_IPAD = NO;
				SWIFT_EMIT_LOC_STRINGS = YES;
				SWIFT_VERSION = 5.9;
				TARGETED_DEVICE_FAMILY = "1,2";
			};
			name = PersonalSideload;
		};
		1A2B3C4D5E6F700000000084 /* Debug */ = {
			isa = XCBuildConfiguration;
			buildSettings = {
				BUNDLE_LOADER = "$(TEST_HOST)";
				CODE_SIGN_STYLE = Automatic;
				CURRENT_PROJECT_VERSION = 1;
				GENERATE_INFOPLIST_FILE = YES;
				IPHONEOS_DEPLOYMENT_TARGET = 18.0;
				LD_RUNPATH_SEARCH_PATHS = (
					"$(inherited)",
					"@executable_path/Frameworks",
					"@loader_path/Frameworks",
				);
				MARKETING_VERSION = 1.4;
				PRODUCT_BUNDLE_IDENTIFIER = "$(APP_BUNDLE_IDENTIFIER).tests";
				PRODUCT_NAME = "$(TARGET_NAME)";
				SUPPORTED_PLATFORMS = "iphoneos iphonesimulator";
				SWIFT_EMIT_LOC_STRINGS = NO;
				SWIFT_VERSION = 5.9;
				TARGETED_DEVICE_FAMILY = "1,2";
				TEST_HOST = "$(BUILT_PRODUCTS_DIR)/HermesMobile.app/$(BUNDLE_EXECUTABLE_FOLDER_PATH)/HermesMobile";
			};
			name = Debug;
		};
		1A2B3C4D5E6F700000000085 /* Release */ = {
			isa = XCBuildConfiguration;
			buildSettings = {
				BUNDLE_LOADER = "$(TEST_HOST)";
				CODE_SIGN_STYLE = Automatic;
				CURRENT_PROJECT_VERSION = 1;
				GENERATE_INFOPLIST_FILE = YES;
				IPHONEOS_DEPLOYMENT_TARGET = 18.0;
				LD_RUNPATH_SEARCH_PATHS = (
					"$(inherited)",
					"@executable_path/Frameworks",
					"@loader_path/Frameworks",
				);
				MARKETING_VERSION = 1.4;
				PRODUCT_BUNDLE_IDENTIFIER = "$(APP_BUNDLE_IDENTIFIER).tests";
				PRODUCT_NAME = "$(TARGET_NAME)";
				SUPPORTED_PLATFORMS = "iphoneos iphonesimulator";
				SWIFT_EMIT_LOC_STRINGS = NO;
				SWIFT_VERSION = 5.9;
				TARGETED_DEVICE_FAMILY = "1,2";
				TEST_HOST = "$(BUILT_PRODUCTS_DIR)/HermesMobile.app/$(BUNDLE_EXECUTABLE_FOLDER_PATH)/HermesMobile";
			};
			name = Release;
		};
		E02700000000000000000084 /* PersonalSideload */ = {
			isa = XCBuildConfiguration;
			buildSettings = {
				BUNDLE_LOADER = "$(TEST_HOST)";
				CODE_SIGN_STYLE = Automatic;
				CURRENT_PROJECT_VERSION = 1;
				GENERATE_INFOPLIST_FILE = YES;
				IPHONEOS_DEPLOYMENT_TARGET = 18.0;
				LD_RUNPATH_SEARCH_PATHS = (
					"$(inherited)",
					"@executable_path/Frameworks",
					"@loader_path/Frameworks",
				);
				MARKETING_VERSION = 1.4;
				PRODUCT_BUNDLE_IDENTIFIER = "$(APP_BUNDLE_IDENTIFIER).tests";
				PRODUCT_NAME = "$(TARGET_NAME)";
				SUPPORTED_PLATFORMS = "iphoneos iphonesimulator";
				SWIFT_EMIT_LOC_STRINGS = NO;
				SWIFT_VERSION = 5.9;
				TARGETED_DEVICE_FAMILY = "1,2";
				TEST_HOST = "$(BUILT_PRODUCTS_DIR)/HermesMobile.app/$(BUNDLE_EXECUTABLE_FOLDER_PATH)/HermesMobile";
			};
			name = PersonalSideload;
		};
/* End XCBuildConfiguration section */

/* Begin XCConfigurationList section */
		1A2B3C4D5E6F700000000041 /* Build configuration list for PBXNativeTarget "HermesMobile" */ = {
			isa = XCConfigurationList;
			buildConfigurations = (
				1A2B3C4D5E6F700000000082 /* Debug */,
				1A2B3C4D5E6F700000000083 /* Release */,
				E02700000000000000000082 /* PersonalSideload */,
			);
			defaultConfigurationIsVisible = 0;
			defaultConfigurationName = Release;
		};
		1A2B3C4D5E6F700000000045 /* Build configuration list for PBXNativeTarget "HermesMobileTests" */ = {
			isa = XCConfigurationList;
			buildConfigurations = (
				1A2B3C4D5E6F700000000084 /* Debug */,
				1A2B3C4D5E6F700000000085 /* Release */,
				E02700000000000000000084 /* PersonalSideload */,
			);
			defaultConfigurationIsVisible = 0;
			defaultConfigurationName = Release;
		};
		1A2B3C4D5E6F700000000071 /* Build configuration list for PBXProject "HermesMobile" */ = {
			isa = XCConfigurationList;
			buildConfigurations = (
				1A2B3C4D5E6F700000000080 /* Debug */,
				1A2B3C4D5E6F700000000081 /* Release */,
				E02700000000000000000080 /* PersonalSideload */,
			);
			defaultConfigurationIsVisible = 0;
			defaultConfigurationName = Release;
		};
/* End XCConfigurationList section */

/* Begin XCRemoteSwiftPackageReference section */
		1A2B3C4D5E6F700000000091 /* XCRemoteSwiftPackageReference "swift-markdown-ui" */ = {
			isa = XCRemoteSwiftPackageReference;
			repositoryURL = "https://github.com/gonzalezreal/swift-markdown-ui.git";
			requirement = {
				kind = upToNextMajorVersion;
				minimumVersion = 2.4.1;
			};
		};
		1A2B3C4D5E6F700000000092 /* XCRemoteSwiftPackageReference "Splash" */ = {
			isa = XCRemoteSwiftPackageReference;
			repositoryURL = "https://github.com/JohnSundell/Splash.git";
			requirement = {
				kind = upToNextMajorVersion;
				minimumVersion = 0.16.0;
			};
		};
		1A2B3C4D5E6F700000000093 /* XCRemoteSwiftPackageReference "Highlightr" */ = {
			isa = XCRemoteSwiftPackageReference;
			repositoryURL = "https://github.com/raspu/Highlightr.git";
			requirement = {
				kind = upToNextMajorVersion;
				minimumVersion = 2.3.0;
			};
		};
		1A2B3C4D5E6F700000000099 /* XCRemoteSwiftPackageReference "KeychainAccess" */ = {
			isa = XCRemoteSwiftPackageReference;
			repositoryURL = "https://github.com/kishikawakatsumi/KeychainAccess.git";
			requirement = {
				kind = upToNextMajorVersion;
				minimumVersion = 4.2.2;
			};
		};
		5417A7400000000000000090 /* XCRemoteSwiftPackageReference "SwiftMath" */ = {
			isa = XCRemoteSwiftPackageReference;
			repositoryURL = "https://github.com/mgriebling/SwiftMath.git";
			requirement = {
				kind = upToNextMajorVersion;
				minimumVersion = 1.7.3;
			};
		};
/* End XCRemoteSwiftPackageReference section */

/* Begin XCSwiftPackageProductDependency section */
		1A2B3C4D5E6F700000000095 /* MarkdownUI */ = {
			isa = XCSwiftPackageProductDependency;
			package = 1A2B3C4D5E6F700000000091 /* XCRemoteSwiftPackageReference "swift-markdown-ui" */;
			productName = MarkdownUI;
		};
		C21300000000000000000008 /* MarkdownUI */ = {
			isa = XCSwiftPackageProductDependency;
			package = 1A2B3C4D5E6F700000000091 /* XCRemoteSwiftPackageReference "swift-markdown-ui" */;
			productName = MarkdownUI;
		};
		1A2B3C4D5E6F700000000096 /* Splash */ = {
			isa = XCSwiftPackageProductDependency;
			package = 1A2B3C4D5E6F700000000092 /* XCRemoteSwiftPackageReference "Splash" */;
			productName = Splash;
		};
		1A2B3C4D5E6F700000000097 /* Highlightr */ = {
			isa = XCSwiftPackageProductDependency;
			package = 1A2B3C4D5E6F700000000093 /* XCRemoteSwiftPackageReference "Highlightr" */;
			productName = Highlightr;
		};
		1A2B3C4D5E6F700000000098 /* KeychainAccess */ = {
			isa = XCSwiftPackageProductDependency;
			package = 1A2B3C4D5E6F700000000099 /* XCRemoteSwiftPackageReference "KeychainAccess" */;
			productName = KeychainAccess;
		};
		5417A7400000000000000091 /* SwiftMath */ = {
			isa = XCSwiftPackageProductDependency;
			package = 5417A7400000000000000090 /* XCRemoteSwiftPackageReference "SwiftMath" */;
			productName = SwiftMath;
		};
/* End XCSwiftPackageProductDependency section */
	};
	rootObject = 1A2B3C4D5E6F700000000070 /* Project object */;
}
